// !$*UTF8*$!
{
	archiveVersion = 1;
	classes = {
	};
	objectVersion = 46;
	objects = {

/* Begin PBXBuildFile section */
		52B113583BE24591AC8CB7D6 /* libPods-OpenDataTests.a in Frameworks */ = {isa = PBXBuildFile; fileRef = 8D971CDBFFFA4B76AEF7147C /* libPods-OpenDataTests.a */; };
		A61D6461192ABF6800F7EB88 /* AppDelegateSpec.m in Sources */ = {isa = PBXBuildFile; fileRef = A61D6460192ABF6800F7EB88 /* AppDelegateSpec.m */; };
		A6748A9F192127E90073CE19 /* Foundation.framework in Frameworks */ = {isa = PBXBuildFile; fileRef = A6748A9E192127E90073CE19 /* Foundation.framework */; };
		A6748AA1192127E90073CE19 /* CoreGraphics.framework in Frameworks */ = {isa = PBXBuildFile; fileRef = A6748AA0192127E90073CE19 /* CoreGraphics.framework */; };
		A6748AA3192127E90073CE19 /* UIKit.framework in Frameworks */ = {isa = PBXBuildFile; fileRef = A6748AA2192127E90073CE19 /* UIKit.framework */; };
		A6748AA9192127E90073CE19 /* InfoPlist.strings in Resources */ = {isa = PBXBuildFile; fileRef = A6748AA7192127E90073CE19 /* InfoPlist.strings */; };
		A6748AAB192127E90073CE19 /* main.m in Sources */ = {isa = PBXBuildFile; fileRef = A6748AAA192127E90073CE19 /* main.m */; };
		A6748AAF192127E90073CE19 /* AppDelegate.m in Sources */ = {isa = PBXBuildFile; fileRef = A6748AAE192127E90073CE19 /* AppDelegate.m */; };
		A6748AB5192127E90073CE19 /* MapViewController.m in Sources */ = {isa = PBXBuildFile; fileRef = A6748AB4192127E90073CE19 /* MapViewController.m */; };
		A6748AB7192127E90073CE19 /* Images.xcassets in Resources */ = {isa = PBXBuildFile; fileRef = A6748AB6192127E90073CE19 /* Images.xcassets */; };
		A6748ABE192127EA0073CE19 /* XCTest.framework in Frameworks */ = {isa = PBXBuildFile; fileRef = A6748ABD192127EA0073CE19 /* XCTest.framework */; };
		A6748ABF192127EA0073CE19 /* Foundation.framework in Frameworks */ = {isa = PBXBuildFile; fileRef = A6748A9E192127E90073CE19 /* Foundation.framework */; };
		A6748AC0192127EA0073CE19 /* UIKit.framework in Frameworks */ = {isa = PBXBuildFile; fileRef = A6748AA2192127E90073CE19 /* UIKit.framework */; };
		A6748AC8192127EA0073CE19 /* InfoPlist.strings in Resources */ = {isa = PBXBuildFile; fileRef = A6748AC6192127EA0073CE19 /* InfoPlist.strings */; };
		A6748AD7192128D70073CE19 /* LocationManager.m in Sources */ = {isa = PBXBuildFile; fileRef = A6748AD6192128D70073CE19 /* LocationManager.m */; };
		A6748ADE1921344F0073CE19 /* MotionManager.m in Sources */ = {isa = PBXBuildFile; fileRef = A6748ADD1921344F0073CE19 /* MotionManager.m */; };
		A6748AE3192155F50073CE19 /* MapKit.framework in Frameworks */ = {isa = PBXBuildFile; fileRef = A6748AE2192155F50073CE19 /* MapKit.framework */; };
		A6748AE6192175590073CE19 /* MovementPath.m in Sources */ = {isa = PBXBuildFile; fileRef = A6748AE5192175590073CE19 /* MovementPath.m */; };
		A68425CA192302CB0083D006 /* FoursquareVenue.m in Sources */ = {isa = PBXBuildFile; fileRef = A68425C9192302CB0083D006 /* FoursquareVenue.m */; };
		A68425CC1923047F0083D006 /* Configuration.plist in Resources */ = {isa = PBXBuildFile; fileRef = A68425CB1923047F0083D006 /* Configuration.plist */; };
		A6B91CFA192D56F800F7106E /* UntrackedPeriod.m in Sources */ = {isa = PBXBuildFile; fileRef = A6B91CF9192D56F800F7106E /* UntrackedPeriod.m */; };
		A6BD97B719299AE000264548 /* MovementPathPolyline.m in Sources */ = {isa = PBXBuildFile; fileRef = A6BD97B619299AE000264548 /* MovementPathPolyline.m */; };
		A6BD97BA192A4B2900264548 /* VenueListViewController.m in Sources */ = {isa = PBXBuildFile; fileRef = A6BD97B9192A4B2900264548 /* VenueListViewController.m */; };
		A6C7CFDE192A7760001A6DAC /* Venue.m in Sources */ = {isa = PBXBuildFile; fileRef = A6C7CFDD192A7760001A6DAC /* Venue.m */; };
		A6C7CFE1192A7FF1001A6DAC /* OpenData.m in Sources */ = {isa = PBXBuildFile; fileRef = A6C7CFE0192A7FF1001A6DAC /* OpenData.m */; };
		A6C7CFE3192A806B001A6DAC /* OpenDataSpec.m in Sources */ = {isa = PBXBuildFile; fileRef = A6C7CFE2192A806B001A6DAC /* OpenDataSpec.m */; };
		A6C7CFE9192AACA4001A6DAC /* Security.framework in Frameworks */ = {isa = PBXBuildFile; fileRef = A6C7CFE8192AACA4001A6DAC /* Security.framework */; };
		A6C7CFEB192AACA7001A6DAC /* QuartzCore.framework in Frameworks */ = {isa = PBXBuildFile; fileRef = A6C7CFEA192AACA7001A6DAC /* QuartzCore.framework */; };
		A6C7CFEC192AACAC001A6DAC /* Security.framework in Frameworks */ = {isa = PBXBuildFile; fileRef = A6C7CFE8192AACA4001A6DAC /* Security.framework */; };
		A6C7CFED192AACB0001A6DAC /* QuartzCore.framework in Frameworks */ = {isa = PBXBuildFile; fileRef = A6C7CFEA192AACA7001A6DAC /* QuartzCore.framework */; };
		A6C7CFF0192AAD2A001A6DAC /* Configuration.m in Sources */ = {isa = PBXBuildFile; fileRef = A6C7CFEF192AAD2A001A6DAC /* Configuration.m */; };
		A6C7CFF1192AAD2A001A6DAC /* Configuration.m in Sources */ = {isa = PBXBuildFile; fileRef = A6C7CFEF192AAD2A001A6DAC /* Configuration.m */; };
		A6C7CFF4192AAD87001A6DAC /* ConfigurationSpec.m in Sources */ = {isa = PBXBuildFile; fileRef = A6C7CFF3192AAD87001A6DAC /* ConfigurationSpec.m */; };
		A6CDC3B41922854800AC941A /* Stop.m in Sources */ = {isa = PBXBuildFile; fileRef = A6CDC3B31922854800AC941A /* Stop.m */; };
		A6D7DFDA192417B20036C2DF /* DataProcessor.m in Sources */ = {isa = PBXBuildFile; fileRef = A6D7DFD9192417B20036C2DF /* DataProcessor.m */; };
		A6F4D9111922CF13006C7034 /* OpenData.xcdatamodeld in Sources */ = {isa = PBXBuildFile; fileRef = A6F4D90F1922CF13006C7034 /* OpenData.xcdatamodeld */; };
		A6F4D95D1922D2AA006C7034 /* CoreData.framework in Frameworks */ = {isa = PBXBuildFile; fileRef = A6F4D95C1922D2AA006C7034 /* CoreData.framework */; };
		A6F4D9601922D684006C7034 /* RawLocation.m in Sources */ = {isa = PBXBuildFile; fileRef = A6F4D95F1922D684006C7034 /* RawLocation.m */; };
		A6F4D9691922DE94006C7034 /* RawMotionActivity.m in Sources */ = {isa = PBXBuildFile; fileRef = A6F4D9681922DE94006C7034 /* RawMotionActivity.m */; };
		A6F4D96F1922E9F5006C7034 /* ListViewController.m in Sources */ = {isa = PBXBuildFile; fileRef = A6F4D96E1922E9F5006C7034 /* ListViewController.m */; };
		A6F4D9731922FE33006C7034 /* FoursquareClient.m in Sources */ = {isa = PBXBuildFile; fileRef = A6F4D9721922FE33006C7034 /* FoursquareClient.m */; };
		C11118D911DD46AFA835F8F3 /* libPods.a in Frameworks */ = {isa = PBXBuildFile; fileRef = A1D73CDD20E349509DE73F55 /* libPods.a */; };
/* End PBXBuildFile section */

/* Begin PBXContainerItemProxy section */
		A6748AC1192127EA0073CE19 /* PBXContainerItemProxy */ = {
			isa = PBXContainerItemProxy;
			containerPortal = A6748A93192127E90073CE19 /* Project object */;
			proxyType = 1;
			remoteGlobalIDString = A6748A9A192127E90073CE19;
			remoteInfo = OpenData;
		};
/* End PBXContainerItemProxy section */

/* Begin PBXFileReference section */
		8BE585C2279B40C38BFDB9C8 /* Pods-OpenDataTests.xcconfig */ = {isa = PBXFileReference; includeInIndex = 1; lastKnownFileType = text.xcconfig; name = "Pods-OpenDataTests.xcconfig"; path = "Pods/Pods-OpenDataTests.xcconfig"; sourceTree = "<group>"; };
		8D971CDBFFFA4B76AEF7147C /* libPods-OpenDataTests.a */ = {isa = PBXFileReference; explicitFileType = archive.ar; includeInIndex = 0; path = "libPods-OpenDataTests.a"; sourceTree = BUILT_PRODUCTS_DIR; };
		A1D73CDD20E349509DE73F55 /* libPods.a */ = {isa = PBXFileReference; explicitFileType = archive.ar; includeInIndex = 0; path = libPods.a; sourceTree = BUILT_PRODUCTS_DIR; };
		A61D6460192ABF6800F7EB88 /* AppDelegateSpec.m */ = {isa = PBXFileReference; fileEncoding = 4; lastKnownFileType = sourcecode.c.objc; path = AppDelegateSpec.m; sourceTree = "<group>"; };
		A6748A9B192127E90073CE19 /* OpenData.app */ = {isa = PBXFileReference; explicitFileType = wrapper.application; includeInIndex = 0; path = OpenData.app; sourceTree = BUILT_PRODUCTS_DIR; };
		A6748A9E192127E90073CE19 /* Foundation.framework */ = {isa = PBXFileReference; lastKnownFileType = wrapper.framework; name = Foundation.framework; path = System/Library/Frameworks/Foundation.framework; sourceTree = SDKROOT; };
		A6748AA0192127E90073CE19 /* CoreGraphics.framework */ = {isa = PBXFileReference; lastKnownFileType = wrapper.framework; name = CoreGraphics.framework; path = System/Library/Frameworks/CoreGraphics.framework; sourceTree = SDKROOT; };
		A6748AA2192127E90073CE19 /* UIKit.framework */ = {isa = PBXFileReference; lastKnownFileType = wrapper.framework; name = UIKit.framework; path = System/Library/Frameworks/UIKit.framework; sourceTree = SDKROOT; };
		A6748AA6192127E90073CE19 /* OpenData-Info.plist */ = {isa = PBXFileReference; lastKnownFileType = text.plist.xml; path = "OpenData-Info.plist"; sourceTree = "<group>"; };
		A6748AA8192127E90073CE19 /* en */ = {isa = PBXFileReference; lastKnownFileType = text.plist.strings; name = en; path = en.lproj/InfoPlist.strings; sourceTree = "<group>"; };
		A6748AAA192127E90073CE19 /* main.m */ = {isa = PBXFileReference; lastKnownFileType = sourcecode.c.objc; path = main.m; sourceTree = "<group>"; };
		A6748AAC192127E90073CE19 /* OpenData-Prefix.pch */ = {isa = PBXFileReference; lastKnownFileType = sourcecode.c.h; path = "OpenData-Prefix.pch"; sourceTree = "<group>"; };
		A6748AAD192127E90073CE19 /* AppDelegate.h */ = {isa = PBXFileReference; lastKnownFileType = sourcecode.c.h; path = AppDelegate.h; sourceTree = "<group>"; };
		A6748AAE192127E90073CE19 /* AppDelegate.m */ = {isa = PBXFileReference; lastKnownFileType = sourcecode.c.objc; path = AppDelegate.m; sourceTree = "<group>"; };
		A6748AB3192127E90073CE19 /* MapViewController.h */ = {isa = PBXFileReference; lastKnownFileType = sourcecode.c.h; path = MapViewController.h; sourceTree = "<group>"; };
		A6748AB4192127E90073CE19 /* MapViewController.m */ = {isa = PBXFileReference; lastKnownFileType = sourcecode.c.objc; path = MapViewController.m; sourceTree = "<group>"; };
		A6748AB6192127E90073CE19 /* Images.xcassets */ = {isa = PBXFileReference; lastKnownFileType = folder.assetcatalog; path = Images.xcassets; sourceTree = "<group>"; };
		A6748ABC192127EA0073CE19 /* OpenDataTests.xctest */ = {isa = PBXFileReference; explicitFileType = wrapper.cfbundle; includeInIndex = 0; path = OpenDataTests.xctest; sourceTree = BUILT_PRODUCTS_DIR; };
		A6748ABD192127EA0073CE19 /* XCTest.framework */ = {isa = PBXFileReference; lastKnownFileType = wrapper.framework; name = XCTest.framework; path = Library/Frameworks/XCTest.framework; sourceTree = DEVELOPER_DIR; };
		A6748AC5192127EA0073CE19 /* OpenDataTests-Info.plist */ = {isa = PBXFileReference; lastKnownFileType = text.plist.xml; path = "OpenDataTests-Info.plist"; sourceTree = "<group>"; };
		A6748AC7192127EA0073CE19 /* en */ = {isa = PBXFileReference; lastKnownFileType = text.plist.strings; name = en; path = en.lproj/InfoPlist.strings; sourceTree = "<group>"; };
		A6748AD5192128D70073CE19 /* LocationManager.h */ = {isa = PBXFileReference; fileEncoding = 4; lastKnownFileType = sourcecode.c.h; name = LocationManager.h; path = "Data Sources/LocationManager.h"; sourceTree = "<group>"; };
		A6748AD6192128D70073CE19 /* LocationManager.m */ = {isa = PBXFileReference; fileEncoding = 4; lastKnownFileType = sourcecode.c.objc; name = LocationManager.m; path = "Data Sources/LocationManager.m"; sourceTree = "<group>"; };
		A6748ADC1921344F0073CE19 /* MotionManager.h */ = {isa = PBXFileReference; fileEncoding = 4; lastKnownFileType = sourcecode.c.h; name = MotionManager.h; path = "Data Sources/MotionManager.h"; sourceTree = "<group>"; };
		A6748ADD1921344F0073CE19 /* MotionManager.m */ = {isa = PBXFileReference; fileEncoding = 4; lastKnownFileType = sourcecode.c.objc; name = MotionManager.m; path = "Data Sources/MotionManager.m"; sourceTree = "<group>"; };
		A6748AE2192155F50073CE19 /* MapKit.framework */ = {isa = PBXFileReference; lastKnownFileType = wrapper.framework; name = MapKit.framework; path = System/Library/Frameworks/MapKit.framework; sourceTree = SDKROOT; };
		A6748AE4192175590073CE19 /* MovementPath.h */ = {isa = PBXFileReference; fileEncoding = 4; lastKnownFileType = sourcecode.c.h; name = MovementPath.h; path = Models/MovementPath.h; sourceTree = "<group>"; };
		A6748AE5192175590073CE19 /* MovementPath.m */ = {isa = PBXFileReference; fileEncoding = 4; lastKnownFileType = sourcecode.c.objc; name = MovementPath.m; path = Models/MovementPath.m; sourceTree = "<group>"; };
		A68425C8192302CB0083D006 /* FoursquareVenue.h */ = {isa = PBXFileReference; fileEncoding = 4; lastKnownFileType = sourcecode.c.h; name = FoursquareVenue.h; path = Models/FoursquareVenue.h; sourceTree = "<group>"; };
		A68425C9192302CB0083D006 /* FoursquareVenue.m */ = {isa = PBXFileReference; fileEncoding = 4; lastKnownFileType = sourcecode.c.objc; name = FoursquareVenue.m; path = Models/FoursquareVenue.m; sourceTree = "<group>"; };
		A68425CB1923047F0083D006 /* Configuration.plist */ = {isa = PBXFileReference; fileEncoding = 4; lastKnownFileType = text.plist.xml; name = Configuration.plist; path = ../Configuration.plist; sourceTree = "<group>"; };
		A6B91CF8192D56F800F7106E /* UntrackedPeriod.h */ = {isa = PBXFileReference; fileEncoding = 4; lastKnownFileType = sourcecode.c.h; name = UntrackedPeriod.h; path = Models/UntrackedPeriod.h; sourceTree = "<group>"; };
		A6B91CF9192D56F800F7106E /* UntrackedPeriod.m */ = {isa = PBXFileReference; fileEncoding = 4; lastKnownFileType = sourcecode.c.objc; name = UntrackedPeriod.m; path = Models/UntrackedPeriod.m; sourceTree = "<group>"; };
		A6BD97B519299AE000264548 /* MovementPathPolyline.h */ = {isa = PBXFileReference; fileEncoding = 4; lastKnownFileType = sourcecode.c.h; name = MovementPathPolyline.h; path = Presenters/MovementPathPolyline.h; sourceTree = "<group>"; };
		A6BD97B619299AE000264548 /* MovementPathPolyline.m */ = {isa = PBXFileReference; fileEncoding = 4; lastKnownFileType = sourcecode.c.objc; name = MovementPathPolyline.m; path = Presenters/MovementPathPolyline.m; sourceTree = "<group>"; };
		A6BD97B8192A4B2900264548 /* VenueListViewController.h */ = {isa = PBXFileReference; fileEncoding = 4; lastKnownFileType = sourcecode.c.h; name = VenueListViewController.h; path = "View Controllers/VenueListViewController.h"; sourceTree = "<group>"; };
		A6BD97B9192A4B2900264548 /* VenueListViewController.m */ = {isa = PBXFileReference; fileEncoding = 4; lastKnownFileType = sourcecode.c.objc; name = VenueListViewController.m; path = "View Controllers/VenueListViewController.m"; sourceTree = "<group>"; };
		A6C7CFDC192A7760001A6DAC /* Venue.h */ = {isa = PBXFileReference; fileEncoding = 4; lastKnownFileType = sourcecode.c.h; name = Venue.h; path = Models/Venue.h; sourceTree = "<group>"; };
		A6C7CFDD192A7760001A6DAC /* Venue.m */ = {isa = PBXFileReference; fileEncoding = 4; lastKnownFileType = sourcecode.c.objc; name = Venue.m; path = Models/Venue.m; sourceTree = "<group>"; };
		A6C7CFDF192A7FF1001A6DAC /* OpenData.h */ = {isa = PBXFileReference; fileEncoding = 4; lastKnownFileType = sourcecode.c.h; path = OpenData.h; sourceTree = "<group>"; };
		A6C7CFE0192A7FF1001A6DAC /* OpenData.m */ = {isa = PBXFileReference; fileEncoding = 4; lastKnownFileType = sourcecode.c.objc; path = OpenData.m; sourceTree = "<group>"; };
		A6C7CFE2192A806B001A6DAC /* OpenDataSpec.m */ = {isa = PBXFileReference; fileEncoding = 4; lastKnownFileType = sourcecode.c.objc; path = OpenDataSpec.m; sourceTree = "<group>"; };
		A6C7CFE8192AACA4001A6DAC /* Security.framework */ = {isa = PBXFileReference; lastKnownFileType = wrapper.framework; name = Security.framework; path = System/Library/Frameworks/Security.framework; sourceTree = SDKROOT; };
		A6C7CFEA192AACA7001A6DAC /* QuartzCore.framework */ = {isa = PBXFileReference; lastKnownFileType = wrapper.framework; name = QuartzCore.framework; path = System/Library/Frameworks/QuartzCore.framework; sourceTree = SDKROOT; };
		A6C7CFEE192AAD2A001A6DAC /* Configuration.h */ = {isa = PBXFileReference; fileEncoding = 4; lastKnownFileType = sourcecode.c.h; name = Configuration.h; path = Interfaces/Configuration.h; sourceTree = "<group>"; };
		A6C7CFEF192AAD2A001A6DAC /* Configuration.m */ = {isa = PBXFileReference; fileEncoding = 4; lastKnownFileType = sourcecode.c.objc; name = Configuration.m; path = Interfaces/Configuration.m; sourceTree = "<group>"; };
		A6C7CFF3192AAD87001A6DAC /* ConfigurationSpec.m */ = {isa = PBXFileReference; fileEncoding = 4; lastKnownFileType = sourcecode.c.objc; name = ConfigurationSpec.m; path = Interfaces/ConfigurationSpec.m; sourceTree = "<group>"; };
		A6CDC3B21922854800AC941A /* Stop.h */ = {isa = PBXFileReference; fileEncoding = 4; lastKnownFileType = sourcecode.c.h; name = Stop.h; path = Models/Stop.h; sourceTree = "<group>"; };
		A6CDC3B31922854800AC941A /* Stop.m */ = {isa = PBXFileReference; fileEncoding = 4; lastKnownFileType = sourcecode.c.objc; name = Stop.m; path = Models/Stop.m; sourceTree = "<group>"; };
		A6D7DFD8192417B20036C2DF /* DataProcessor.h */ = {isa = PBXFileReference; fileEncoding = 4; lastKnownFileType = sourcecode.c.h; name = DataProcessor.h; path = Interfaces/DataProcessor.h; sourceTree = "<group>"; };
		A6D7DFD9192417B20036C2DF /* DataProcessor.m */ = {isa = PBXFileReference; fileEncoding = 4; lastKnownFileType = sourcecode.c.objc; name = DataProcessor.m; path = Interfaces/DataProcessor.m; sourceTree = "<group>"; };
		A6F4D9101922CF13006C7034 /* OpenData.xcdatamodel */ = {isa = PBXFileReference; lastKnownFileType = wrapper.xcdatamodel; path = OpenData.xcdatamodel; sourceTree = "<group>"; };
		A6F4D95C1922D2AA006C7034 /* CoreData.framework */ = {isa = PBXFileReference; lastKnownFileType = wrapper.framework; name = CoreData.framework; path = System/Library/Frameworks/CoreData.framework; sourceTree = SDKROOT; };
		A6F4D95E1922D684006C7034 /* RawLocation.h */ = {isa = PBXFileReference; fileEncoding = 4; lastKnownFileType = sourcecode.c.h; name = RawLocation.h; path = Models/RawLocation.h; sourceTree = "<group>"; };
		A6F4D95F1922D684006C7034 /* RawLocation.m */ = {isa = PBXFileReference; fileEncoding = 4; lastKnownFileType = sourcecode.c.objc; name = RawLocation.m; path = Models/RawLocation.m; sourceTree = "<group>"; };
		A6F4D9671922DE94006C7034 /* RawMotionActivity.h */ = {isa = PBXFileReference; fileEncoding = 4; lastKnownFileType = sourcecode.c.h; name = RawMotionActivity.h; path = Models/RawMotionActivity.h; sourceTree = "<group>"; };
		A6F4D9681922DE94006C7034 /* RawMotionActivity.m */ = {isa = PBXFileReference; fileEncoding = 4; lastKnownFileType = sourcecode.c.objc; name = RawMotionActivity.m; path = Models/RawMotionActivity.m; sourceTree = "<group>"; };
		A6F4D96D1922E9F5006C7034 /* ListViewController.h */ = {isa = PBXFileReference; fileEncoding = 4; lastKnownFileType = sourcecode.c.h; name = ListViewController.h; path = "View Controllers/ListViewController.h"; sourceTree = "<group>"; };
		A6F4D96E1922E9F5006C7034 /* ListViewController.m */ = {isa = PBXFileReference; fileEncoding = 4; lastKnownFileType = sourcecode.c.objc; name = ListViewController.m; path = "View Controllers/ListViewController.m"; sourceTree = "<group>"; };
		A6F4D9711922FE33006C7034 /* FoursquareClient.h */ = {isa = PBXFileReference; fileEncoding = 4; lastKnownFileType = sourcecode.c.h; name = FoursquareClient.h; path = Interfaces/FoursquareClient.h; sourceTree = "<group>"; };
		A6F4D9721922FE33006C7034 /* FoursquareClient.m */ = {isa = PBXFileReference; fileEncoding = 4; lastKnownFileType = sourcecode.c.objc; name = FoursquareClient.m; path = Interfaces/FoursquareClient.m; sourceTree = "<group>"; };
		CFFE53274403422DB4CE650B /* Pods.xcconfig */ = {isa = PBXFileReference; includeInIndex = 1; lastKnownFileType = text.xcconfig; name = Pods.xcconfig; path = Pods/Pods.xcconfig; sourceTree = "<group>"; };
/* End PBXFileReference section */

/* Begin PBXFrameworksBuildPhase section */
		A6748A98192127E90073CE19 /* Frameworks */ = {
			isa = PBXFrameworksBuildPhase;
			buildActionMask = 2147483647;
			files = (
				A6C7CFEB192AACA7001A6DAC /* QuartzCore.framework in Frameworks */,
				A6C7CFE9192AACA4001A6DAC /* Security.framework in Frameworks */,
				A6F4D95D1922D2AA006C7034 /* CoreData.framework in Frameworks */,
				A6748AE3192155F50073CE19 /* MapKit.framework in Frameworks */,
				A6748AA1192127E90073CE19 /* CoreGraphics.framework in Frameworks */,
				A6748AA3192127E90073CE19 /* UIKit.framework in Frameworks */,
				A6748A9F192127E90073CE19 /* Foundation.framework in Frameworks */,
				C11118D911DD46AFA835F8F3 /* libPods.a in Frameworks */,
			);
			runOnlyForDeploymentPostprocessing = 0;
		};
		A6748AB9192127E90073CE19 /* Frameworks */ = {
			isa = PBXFrameworksBuildPhase;
			buildActionMask = 2147483647;
			files = (
				A6C7CFED192AACB0001A6DAC /* QuartzCore.framework in Frameworks */,
				A6C7CFEC192AACAC001A6DAC /* Security.framework in Frameworks */,
				A6748ABE192127EA0073CE19 /* XCTest.framework in Frameworks */,
				A6748AC0192127EA0073CE19 /* UIKit.framework in Frameworks */,
				A6748ABF192127EA0073CE19 /* Foundation.framework in Frameworks */,
				52B113583BE24591AC8CB7D6 /* libPods-OpenDataTests.a in Frameworks */,
			);
			runOnlyForDeploymentPostprocessing = 0;
		};
/* End PBXFrameworksBuildPhase section */

/* Begin PBXGroup section */
		A6748A92192127E90073CE19 = {
			isa = PBXGroup;
			children = (
				A6748AA4192127E90073CE19 /* OpenData */,
				A6748AC3192127EA0073CE19 /* OpenDataTests */,
				A6748A9D192127E90073CE19 /* Frameworks */,
				A6748A9C192127E90073CE19 /* Products */,
				CFFE53274403422DB4CE650B /* Pods.xcconfig */,
				8BE585C2279B40C38BFDB9C8 /* Pods-OpenDataTests.xcconfig */,
			);
			sourceTree = "<group>";
		};
		A6748A9C192127E90073CE19 /* Products */ = {
			isa = PBXGroup;
			children = (
				A6748A9B192127E90073CE19 /* OpenData.app */,
				A6748ABC192127EA0073CE19 /* OpenDataTests.xctest */,
			);
			name = Products;
			sourceTree = "<group>";
		};
		A6748A9D192127E90073CE19 /* Frameworks */ = {
			isa = PBXGroup;
			children = (
				A6C7CFEA192AACA7001A6DAC /* QuartzCore.framework */,
				A6C7CFE8192AACA4001A6DAC /* Security.framework */,
				A6F4D95C1922D2AA006C7034 /* CoreData.framework */,
				A6748AE2192155F50073CE19 /* MapKit.framework */,
				A6748A9E192127E90073CE19 /* Foundation.framework */,
				A6748AA0192127E90073CE19 /* CoreGraphics.framework */,
				A6748AA2192127E90073CE19 /* UIKit.framework */,
				A6748ABD192127EA0073CE19 /* XCTest.framework */,
				A1D73CDD20E349509DE73F55 /* libPods.a */,
				8D971CDBFFFA4B76AEF7147C /* libPods-OpenDataTests.a */,
			);
			name = Frameworks;
			sourceTree = "<group>";
		};
		A6748AA4192127E90073CE19 /* OpenData */ = {
			isa = PBXGroup;
			children = (
				A6748AAD192127E90073CE19 /* AppDelegate.h */,
				A6748AAE192127E90073CE19 /* AppDelegate.m */,
				A6748AD4192128B20073CE19 /* Data Sources */,
				A6748AB6192127E90073CE19 /* Images.xcassets */,
				A6F4D9701922FDF3006C7034 /* Interfaces */,
				A6748AD819212E7C0073CE19 /* Models */,
				A6C7CFDF192A7FF1001A6DAC /* OpenData.h */,
				A6C7CFE0192A7FF1001A6DAC /* OpenData.m */,
				A6BD97B419299AC600264548 /* Presenters */,
				A6748AA5192127E90073CE19 /* Supporting Files */,
				A6748AD3192128AB0073CE19 /* View Controllers */,
			);
			path = OpenData;
			sourceTree = "<group>";
		};
		A6748AA5192127E90073CE19 /* Supporting Files */ = {
			isa = PBXGroup;
			children = (
				A6748AA6192127E90073CE19 /* OpenData-Info.plist */,
				A6748AA7192127E90073CE19 /* InfoPlist.strings */,
				A6748AAA192127E90073CE19 /* main.m */,
				A6748AAC192127E90073CE19 /* OpenData-Prefix.pch */,
				A6F4D90F1922CF13006C7034 /* OpenData.xcdatamodeld */,
				A68425CB1923047F0083D006 /* Configuration.plist */,
			);
			name = "Supporting Files";
			sourceTree = "<group>";
		};
		A6748AC3192127EA0073CE19 /* OpenDataTests */ = {
			isa = PBXGroup;
			children = (
				A6C7CFF2192AAD77001A6DAC /* Interfaces */,
				A6748AC4192127EA0073CE19 /* Supporting Files */,
				A6C7CFE2192A806B001A6DAC /* OpenDataSpec.m */,
				A61D6460192ABF6800F7EB88 /* AppDelegateSpec.m */,
			);
			path = OpenDataTests;
			sourceTree = "<group>";
		};
		A6748AC4192127EA0073CE19 /* Supporting Files */ = {
			isa = PBXGroup;
			children = (
				A6748AC5192127EA0073CE19 /* OpenDataTests-Info.plist */,
				A6748AC6192127EA0073CE19 /* InfoPlist.strings */,
			);
			name = "Supporting Files";
			sourceTree = "<group>";
		};
		A6748AD3192128AB0073CE19 /* View Controllers */ = {
			isa = PBXGroup;
			children = (
				A6748AB3192127E90073CE19 /* MapViewController.h */,
				A6748AB4192127E90073CE19 /* MapViewController.m */,
				A6F4D96D1922E9F5006C7034 /* ListViewController.h */,
				A6F4D96E1922E9F5006C7034 /* ListViewController.m */,
				A6BD97B8192A4B2900264548 /* VenueListViewController.h */,
				A6BD97B9192A4B2900264548 /* VenueListViewController.m */,
			);
			name = "View Controllers";
			sourceTree = "<group>";
		};
		A6748AD4192128B20073CE19 /* Data Sources */ = {
			isa = PBXGroup;
			children = (
				A6748AD5192128D70073CE19 /* LocationManager.h */,
				A6748AD6192128D70073CE19 /* LocationManager.m */,
				A6748ADC1921344F0073CE19 /* MotionManager.h */,
				A6748ADD1921344F0073CE19 /* MotionManager.m */,
			);
			name = "Data Sources";
			sourceTree = "<group>";
		};
		A6748AD819212E7C0073CE19 /* Models */ = {
			isa = PBXGroup;
			children = (
				A6B91CF8192D56F800F7106E /* UntrackedPeriod.h */,
				A6B91CF9192D56F800F7106E /* UntrackedPeriod.m */,
				A6C7CFDC192A7760001A6DAC /* Venue.h */,
				A6C7CFDD192A7760001A6DAC /* Venue.m */,
				A6F4D9671922DE94006C7034 /* RawMotionActivity.h */,
				A6F4D9681922DE94006C7034 /* RawMotionActivity.m */,
				A6748AE4192175590073CE19 /* MovementPath.h */,
				A6748AE5192175590073CE19 /* MovementPath.m */,
				A6CDC3B21922854800AC941A /* Stop.h */,
				A6CDC3B31922854800AC941A /* Stop.m */,
				A6F4D95E1922D684006C7034 /* RawLocation.h */,
				A6F4D95F1922D684006C7034 /* RawLocation.m */,
				A68425C8192302CB0083D006 /* FoursquareVenue.h */,
				A68425C9192302CB0083D006 /* FoursquareVenue.m */,
			);
			name = Models;
			sourceTree = "<group>";
		};
		A6BD97B419299AC600264548 /* Presenters */ = {
			isa = PBXGroup;
			children = (
				A6BD97B519299AE000264548 /* MovementPathPolyline.h */,
				A6BD97B619299AE000264548 /* MovementPathPolyline.m */,
			);
			name = Presenters;
			sourceTree = "<group>";
		};
		A6C7CFF2192AAD77001A6DAC /* Interfaces */ = {
			isa = PBXGroup;
			children = (
				A6C7CFF3192AAD87001A6DAC /* ConfigurationSpec.m */,
			);
			name = Interfaces;
			sourceTree = "<group>";
		};
		A6F4D9701922FDF3006C7034 /* Interfaces */ = {
			isa = PBXGroup;
			children = (
				A6F4D9711922FE33006C7034 /* FoursquareClient.h */,
				A6F4D9721922FE33006C7034 /* FoursquareClient.m */,
				A6D7DFD8192417B20036C2DF /* DataProcessor.h */,
				A6D7DFD9192417B20036C2DF /* DataProcessor.m */,
				A6C7CFEE192AAD2A001A6DAC /* Configuration.h */,
				A6C7CFEF192AAD2A001A6DAC /* Configuration.m */,
			);
			name = Interfaces;
			sourceTree = "<group>";
		};
/* End PBXGroup section */

/* Begin PBXNativeTarget section */
		A6748A9A192127E90073CE19 /* OpenData */ = {
			isa = PBXNativeTarget;
			buildConfigurationList = A6748ACD192127EA0073CE19 /* Build configuration list for PBXNativeTarget "OpenData" */;
			buildPhases = (
				AC358971F6BA49D48AD6EFDD /* Check Pods Manifest.lock */,
				A6748A97192127E90073CE19 /* Sources */,
				A6748A98192127E90073CE19 /* Frameworks */,
				A6748A99192127E90073CE19 /* Resources */,
				F3A6364F3A5C4563A93D828D /* Copy Pods Resources */,
			);
			buildRules = (
			);
			dependencies = (
			);
			name = OpenData;
			productName = OpenData;
			productReference = A6748A9B192127E90073CE19 /* OpenData.app */;
			productType = "com.apple.product-type.application";
		};
		A6748ABB192127E90073CE19 /* OpenDataTests */ = {
			isa = PBXNativeTarget;
			buildConfigurationList = A6748AD0192127EA0073CE19 /* Build configuration list for PBXNativeTarget "OpenDataTests" */;
			buildPhases = (
				426E92F6F7134E048689025D /* Check Pods Manifest.lock */,
				A6748AB8192127E90073CE19 /* Sources */,
				A6748AB9192127E90073CE19 /* Frameworks */,
				A6748ABA192127E90073CE19 /* Resources */,
				4871640B1F314BB7A5A7DAF5 /* Copy Pods Resources */,
			);
			buildRules = (
			);
			dependencies = (
				A6748AC2192127EA0073CE19 /* PBXTargetDependency */,
			);
			name = OpenDataTests;
			productName = OpenDataTests;
			productReference = A6748ABC192127EA0073CE19 /* OpenDataTests.xctest */;
			productType = "com.apple.product-type.bundle.unit-test";
		};
/* End PBXNativeTarget section */

/* Begin PBXProject section */
		A6748A93192127E90073CE19 /* Project object */ = {
			isa = PBXProject;
			attributes = {
				LastUpgradeCheck = 0510;
				ORGANIZATIONNAME = "Lazer-Walker";
				TargetAttributes = {
					A6748A9A192127E90073CE19 = {
						SystemCapabilities = {
							com.apple.BackgroundModes = {
								enabled = 1;
							};
						};
					};
					A6748ABB192127E90073CE19 = {
						TestTargetID = A6748A9A192127E90073CE19;
					};
				};
			};
			buildConfigurationList = A6748A96192127E90073CE19 /* Build configuration list for PBXProject "OpenData" */;
			compatibilityVersion = "Xcode 3.2";
			developmentRegion = English;
			hasScannedForEncodings = 0;
			knownRegions = (
				en,
				Base,
			);
			mainGroup = A6748A92192127E90073CE19;
			productRefGroup = A6748A9C192127E90073CE19 /* Products */;
			projectDirPath = "";
			projectRoot = "";
			targets = (
				A6748A9A192127E90073CE19 /* OpenData */,
				A6748ABB192127E90073CE19 /* OpenDataTests */,
			);
		};
/* End PBXProject section */

/* Begin PBXResourcesBuildPhase section */
		A6748A99192127E90073CE19 /* Resources */ = {
			isa = PBXResourcesBuildPhase;
			buildActionMask = 2147483647;
			files = (
				A68425CC1923047F0083D006 /* Configuration.plist in Resources */,
				A6748AB7192127E90073CE19 /* Images.xcassets in Resources */,
				A6748AA9192127E90073CE19 /* InfoPlist.strings in Resources */,
			);
			runOnlyForDeploymentPostprocessing = 0;
		};
		A6748ABA192127E90073CE19 /* Resources */ = {
			isa = PBXResourcesBuildPhase;
			buildActionMask = 2147483647;
			files = (
				A6748AC8192127EA0073CE19 /* InfoPlist.strings in Resources */,
			);
			runOnlyForDeploymentPostprocessing = 0;
		};
/* End PBXResourcesBuildPhase section */

/* Begin PBXShellScriptBuildPhase section */
		426E92F6F7134E048689025D /* Check Pods Manifest.lock */ = {
			isa = PBXShellScriptBuildPhase;
			buildActionMask = 2147483647;
			files = (
			);
			inputPaths = (
			);
			name = "Check Pods Manifest.lock";
			outputPaths = (
			);
			runOnlyForDeploymentPostprocessing = 0;
			shellPath = /bin/sh;
			shellScript = "diff \"${PODS_ROOT}/../Podfile.lock\" \"${PODS_ROOT}/Manifest.lock\" > /dev/null\nif [[ $? != 0 ]] ; then\n    cat << EOM\nerror: The sandbox is not in sync with the Podfile.lock. Run 'pod install' or update your CocoaPods installation.\nEOM\n    exit 1\nfi\n";
			showEnvVarsInLog = 0;
		};
		4871640B1F314BB7A5A7DAF5 /* Copy Pods Resources */ = {
			isa = PBXShellScriptBuildPhase;
			buildActionMask = 2147483647;
			files = (
			);
			inputPaths = (
			);
			name = "Copy Pods Resources";
			outputPaths = (
			);
			runOnlyForDeploymentPostprocessing = 0;
			shellPath = /bin/sh;
			shellScript = "\"${SRCROOT}/Pods/Pods-OpenDataTests-resources.sh\"\n";
			showEnvVarsInLog = 0;
		};
		AC358971F6BA49D48AD6EFDD /* Check Pods Manifest.lock */ = {
			isa = PBXShellScriptBuildPhase;
			buildActionMask = 2147483647;
			files = (
			);
			inputPaths = (
			);
			name = "Check Pods Manifest.lock";
			outputPaths = (
			);
			runOnlyForDeploymentPostprocessing = 0;
			shellPath = /bin/sh;
			shellScript = "diff \"${PODS_ROOT}/../Podfile.lock\" \"${PODS_ROOT}/Manifest.lock\" > /dev/null\nif [[ $? != 0 ]] ; then\n    cat << EOM\nerror: The sandbox is not in sync with the Podfile.lock. Run 'pod install' or update your CocoaPods installation.\nEOM\n    exit 1\nfi\n";
			showEnvVarsInLog = 0;
		};
		F3A6364F3A5C4563A93D828D /* Copy Pods Resources */ = {
			isa = PBXShellScriptBuildPhase;
			buildActionMask = 2147483647;
			files = (
			);
			inputPaths = (
			);
			name = "Copy Pods Resources";
			outputPaths = (
			);
			runOnlyForDeploymentPostprocessing = 0;
			shellPath = /bin/sh;
			shellScript = "\"${SRCROOT}/Pods/Pods-resources.sh\"\n";
			showEnvVarsInLog = 0;
		};
/* End PBXShellScriptBuildPhase section */

/* Begin PBXSourcesBuildPhase section */
		A6748A97192127E90073CE19 /* Sources */ = {
			isa = PBXSourcesBuildPhase;
			buildActionMask = 2147483647;
			files = (
				A6F4D9731922FE33006C7034 /* FoursquareClient.m in Sources */,
				A6748AD7192128D70073CE19 /* LocationManager.m in Sources */,
				A6BD97BA192A4B2900264548 /* VenueListViewController.m in Sources */,
				A6C7CFF0192AAD2A001A6DAC /* Configuration.m in Sources */,
				A6B91CFA192D56F800F7106E /* UntrackedPeriod.m in Sources */,
				A6F4D9601922D684006C7034 /* RawLocation.m in Sources */,
				A68425CA192302CB0083D006 /* FoursquareVenue.m in Sources */,
				A6F4D96F1922E9F5006C7034 /* ListViewController.m in Sources */,
				A6748ADE1921344F0073CE19 /* MotionManager.m in Sources */,
				A6748AB5192127E90073CE19 /* MapViewController.m in Sources */,
				A6748AAF192127E90073CE19 /* AppDelegate.m in Sources */,
				A6D7DFDA192417B20036C2DF /* DataProcessor.m in Sources */,
				A6BD97B719299AE000264548 /* MovementPathPolyline.m in Sources */,
				A6748AAB192127E90073CE19 /* main.m in Sources */,
				A6C7CFDE192A7760001A6DAC /* Venue.m in Sources */,
				A6C7CFE1192A7FF1001A6DAC /* OpenData.m in Sources */,
				A6CDC3B41922854800AC941A /* Stop.m in Sources */,
				A6F4D9691922DE94006C7034 /* RawMotionActivity.m in Sources */,
				A6F4D9111922CF13006C7034 /* OpenData.xcdatamodeld in Sources */,
				A6748AE6192175590073CE19 /* MovementPath.m in Sources */,
			);
			runOnlyForDeploymentPostprocessing = 0;
		};
		A6748AB8192127E90073CE19 /* Sources */ = {
			isa = PBXSourcesBuildPhase;
			buildActionMask = 2147483647;
			files = (
				A6C7CFF1192AAD2A001A6DAC /* Configuration.m in Sources */,
				A6C7CFE3192A806B001A6DAC /* OpenDataSpec.m in Sources */,
				A6C7CFF4192AAD87001A6DAC /* ConfigurationSpec.m in Sources */,
				A61D6461192ABF6800F7EB88 /* AppDelegateSpec.m in Sources */,
			);
			runOnlyForDeploymentPostprocessing = 0;
		};
/* End PBXSourcesBuildPhase section */

/* Begin PBXTargetDependency section */
		A6748AC2192127EA0073CE19 /* PBXTargetDependency */ = {
			isa = PBXTargetDependency;
			target = A6748A9A192127E90073CE19 /* OpenData */;
			targetProxy = A6748AC1192127EA0073CE19 /* PBXContainerItemProxy */;
		};
/* End PBXTargetDependency section */

/* Begin PBXVariantGroup section */
		A6748AA7192127E90073CE19 /* InfoPlist.strings */ = {
			isa = PBXVariantGroup;
			children = (
				A6748AA8192127E90073CE19 /* en */,
			);
			name = InfoPlist.strings;
			sourceTree = "<group>";
		};
		A6748AC6192127EA0073CE19 /* InfoPlist.strings */ = {
			isa = PBXVariantGroup;
			children = (
				A6748AC7192127EA0073CE19 /* en */,
			);
			name = InfoPlist.strings;
			sourceTree = "<group>";
		};
/* End PBXVariantGroup section */

/* Begin XCBuildConfiguration section */
		A6748ACB192127EA0073CE19 /* Debug */ = {
			isa = XCBuildConfiguration;
			buildSettings = {
				ALWAYS_SEARCH_USER_PATHS = NO;
				CLANG_CXX_LANGUAGE_STANDARD = "gnu++0x";
				CLANG_CXX_LIBRARY = "libc++";
				CLANG_ENABLE_MODULES = YES;
				CLANG_ENABLE_OBJC_ARC = YES;
				CLANG_WARN_BOOL_CONVERSION = YES;
				CLANG_WARN_CONSTANT_CONVERSION = YES;
				CLANG_WARN_DIRECT_OBJC_ISA_USAGE = YES_ERROR;
				CLANG_WARN_EMPTY_BODY = YES;
				CLANG_WARN_ENUM_CONVERSION = YES;
				CLANG_WARN_INT_CONVERSION = YES;
				CLANG_WARN_OBJC_ROOT_CLASS = YES_ERROR;
				CLANG_WARN__DUPLICATE_METHOD_MATCH = YES;
				"CODE_SIGN_IDENTITY[sdk=iphoneos*]" = "iPhone Developer";
				COPY_PHASE_STRIP = NO;
				GCC_C_LANGUAGE_STANDARD = gnu99;
				GCC_DYNAMIC_NO_PIC = NO;
				GCC_OPTIMIZATION_LEVEL = 0;
				GCC_PREPROCESSOR_DEFINITIONS = (
					"DEBUG=1",
					"$(inherited)",
				);
				GCC_SYMBOLS_PRIVATE_EXTERN = NO;
				GCC_WARN_64_TO_32_BIT_CONVERSION = YES;
				GCC_WARN_ABOUT_RETURN_TYPE = YES_ERROR;
				GCC_WARN_UNDECLARED_SELECTOR = YES;
				GCC_WARN_UNINITIALIZED_AUTOS = YES_AGGRESSIVE;
				GCC_WARN_UNUSED_FUNCTION = YES;
				GCC_WARN_UNUSED_VARIABLE = YES;
				IPHONEOS_DEPLOYMENT_TARGET = 7.1;
				ONLY_ACTIVE_ARCH = YES;
				SDKROOT = iphoneos;
			};
			name = Debug;
		};
		A6748ACC192127EA0073CE19 /* Release */ = {
			isa = XCBuildConfiguration;
			buildSettings = {
				ALWAYS_SEARCH_USER_PATHS = NO;
				CLANG_CXX_LANGUAGE_STANDARD = "gnu++0x";
				CLANG_CXX_LIBRARY = "libc++";
				CLANG_ENABLE_MODULES = YES;
				CLANG_ENABLE_OBJC_ARC = YES;
				CLANG_WARN_BOOL_CONVERSION = YES;
				CLANG_WARN_CONSTANT_CONVERSION = YES;
				CLANG_WARN_DIRECT_OBJC_ISA_USAGE = YES_ERROR;
				CLANG_WARN_EMPTY_BODY = YES;
				CLANG_WARN_ENUM_CONVERSION = YES;
				CLANG_WARN_INT_CONVERSION = YES;
				CLANG_WARN_OBJC_ROOT_CLASS = YES_ERROR;
				CLANG_WARN__DUPLICATE_METHOD_MATCH = YES;
				"CODE_SIGN_IDENTITY[sdk=iphoneos*]" = "iPhone Developer";
				COPY_PHASE_STRIP = YES;
				ENABLE_NS_ASSERTIONS = NO;
				GCC_C_LANGUAGE_STANDARD = gnu99;
				GCC_WARN_64_TO_32_BIT_CONVERSION = YES;
				GCC_WARN_ABOUT_RETURN_TYPE = YES_ERROR;
				GCC_WARN_UNDECLARED_SELECTOR = YES;
				GCC_WARN_UNINITIALIZED_AUTOS = YES_AGGRESSIVE;
				GCC_WARN_UNUSED_FUNCTION = YES;
				GCC_WARN_UNUSED_VARIABLE = YES;
				IPHONEOS_DEPLOYMENT_TARGET = 7.1;
				SDKROOT = iphoneos;
				VALIDATE_PRODUCT = YES;
			};
			name = Release;
		};
		A6748ACE192127EA0073CE19 /* Debug */ = {
			isa = XCBuildConfiguration;
			baseConfigurationReference = CFFE53274403422DB4CE650B /* Pods.xcconfig */;
			buildSettings = {
				ASSETCATALOG_COMPILER_APPICON_NAME = AppIcon;
				ASSETCATALOG_COMPILER_LAUNCHIMAGE_NAME = LaunchImage;
				FRAMEWORK_SEARCH_PATHS = (
					"$(inherited)",
					"$(PROJECT_DIR)/OpenData",
				);
				GCC_PRECOMPILE_PREFIX_HEADER = YES;
				GCC_PREFIX_HEADER = "OpenData/OpenData-Prefix.pch";
				INFOPLIST_FILE = "OpenData/OpenData-Info.plist";
				PRODUCT_NAME = "$(TARGET_NAME)";
				WRAPPER_EXTENSION = app;
			};
			name = Debug;
		};
		A6748ACF192127EA0073CE19 /* Release */ = {
			isa = XCBuildConfiguration;
			baseConfigurationReference = CFFE53274403422DB4CE650B /* Pods.xcconfig */;
			buildSettings = {
				ASSETCATALOG_COMPILER_APPICON_NAME = AppIcon;
				ASSETCATALOG_COMPILER_LAUNCHIMAGE_NAME = LaunchImage;
				FRAMEWORK_SEARCH_PATHS = (
					"$(inherited)",
					"$(PROJECT_DIR)/OpenData",
				);
				GCC_PRECOMPILE_PREFIX_HEADER = YES;
				GCC_PREFIX_HEADER = "OpenData/OpenData-Prefix.pch";
				INFOPLIST_FILE = "OpenData/OpenData-Info.plist";
				PRODUCT_NAME = "$(TARGET_NAME)";
				WRAPPER_EXTENSION = app;
			};
			name = Release;
		};
		A6748AD1192127EA0073CE19 /* Debug */ = {
			isa = XCBuildConfiguration;
			baseConfigurationReference = 8BE585C2279B40C38BFDB9C8 /* Pods-OpenDataTests.xcconfig */;
			buildSettings = {
				BUNDLE_LOADER = "$(BUILT_PRODUCTS_DIR)/OpenData.app/OpenData";
				FRAMEWORK_SEARCH_PATHS = (
					"$(SDKROOT)/Developer/Library/Frameworks",
					"$(inherited)",
					"$(DEVELOPER_FRAMEWORKS_DIR)",
					"$(PROJECT_DIR)/OpenData",
				);
				GCC_PRECOMPILE_PREFIX_HEADER = YES;
				GCC_PREFIX_HEADER = "OpenData/OpenData-Prefix.pch";
				GCC_PREPROCESSOR_DEFINITIONS = (
					"DEBUG=1",
					"$(inherited)",
				);
				INFOPLIST_FILE = "OpenDataTests/OpenDataTests-Info.plist";
				PRODUCT_NAME = "$(TARGET_NAME)";
				TEST_HOST = "$(BUNDLE_LOADER)";
				WRAPPER_EXTENSION = xctest;
			};
			name = Debug;
		};
		A6748AD2192127EA0073CE19 /* Release */ = {
			isa = XCBuildConfiguration;
			baseConfigurationReference = 8BE585C2279B40C38BFDB9C8 /* Pods-OpenDataTests.xcconfig */;
			buildSettings = {
				BUNDLE_LOADER = "$(BUILT_PRODUCTS_DIR)/OpenData.app/OpenData";
				FRAMEWORK_SEARCH_PATHS = (
					"$(SDKROOT)/Developer/Library/Frameworks",
					"$(inherited)",
					"$(DEVELOPER_FRAMEWORKS_DIR)",
					"$(PROJECT_DIR)/OpenData",
				);
				GCC_PRECOMPILE_PREFIX_HEADER = YES;
				GCC_PREFIX_HEADER = "OpenData/OpenData-Prefix.pch";
				INFOPLIST_FILE = "OpenDataTests/OpenDataTests-Info.plist";
				PRODUCT_NAME = "$(TARGET_NAME)";
				TEST_HOST = "$(BUNDLE_LOADER)";
				WRAPPER_EXTENSION = xctest;
			};
			name = Release;
		};
/* End XCBuildConfiguration section */

/* Begin XCConfigurationList section */
		A6748A96192127E90073CE19 /* Build configuration list for PBXProject "OpenData" */ = {
			isa = XCConfigurationList;
			buildConfigurations = (
				A6748ACB192127EA0073CE19 /* Debug */,
				A6748ACC192127EA0073CE19 /* Release */,
			);
			defaultConfigurationIsVisible = 0;
			defaultConfigurationName = Release;
		};
		A6748ACD192127EA0073CE19 /* Build configuration list for PBXNativeTarget "OpenData" */ = {
			isa = XCConfigurationList;
			buildConfigurations = (
				A6748ACE192127EA0073CE19 /* Debug */,
				A6748ACF192127EA0073CE19 /* Release */,
			);
			defaultConfigurationIsVisible = 0;
			defaultConfigurationName = Release;
		};
		A6748AD0192127EA0073CE19 /* Build configuration list for PBXNativeTarget "OpenDataTests" */ = {
			isa = XCConfigurationList;
			buildConfigurations = (
				A6748AD1192127EA0073CE19 /* Debug */,
				A6748AD2192127EA0073CE19 /* Release */,
			);
			defaultConfigurationIsVisible = 0;
			defaultConfigurationName = Release;
		};
/* End XCConfigurationList section */

/* Begin XCVersionGroup section */
		A6F4D90F1922CF13006C7034 /* OpenData.xcdatamodeld */ = {
			isa = XCVersionGroup;
			children = (
				A6F4D9101922CF13006C7034 /* OpenData.xcdatamodel */,
			);
			currentVersion = A6F4D9101922CF13006C7034 /* OpenData.xcdatamodel */;
			path = OpenData.xcdatamodeld;
			sourceTree = "<group>";
			versionGroupType = wrapper.xcdatamodel;
		};
/* End XCVersionGroup section */
	};
	rootObject = A6748A93192127E90073CE19 /* Project object */;
}
