// !$*UTF8*$!
{
	archiveVersion = 1;
	classes = {
	};
	objectVersion = 46;
	objects = {

/* Begin PBXBuildFile section */
		233D261913FA48D99FA6F1DA /* libPods-TheseusTests.a in Frameworks */ = {isa = PBXBuildFile; fileRef = 11A05698B66A478A80DE58EE /* libPods-TheseusTests.a */; };
		A609635C1960AF150042ACC3 /* StepManager.m in Sources */ = {isa = PBXBuildFile; fileRef = A609635B1960AF150042ACC3 /* StepManager.m */; };
		A6107DC7193108B1003B7837 /* SettingsViewController.storyboard in Resources */ = {isa = PBXBuildFile; fileRef = A6AAB1521930F558000DE81E /* SettingsViewController.storyboard */; };
		A6107DCE19314B13003B7837 /* DataExporter.m in Sources */ = {isa = PBXBuildFile; fileRef = A6107DC919310B2B003B7837 /* DataExporter.m */; };
		A61D6461192ABF6800F7EB88 /* AppDelegateSpec.m in Sources */ = {isa = PBXBuildFile; fileRef = A61D6460192ABF6800F7EB88 /* AppDelegateSpec.m */; };
		A6360000193984CC0059AEBF /* TimelineCell.m in Sources */ = {isa = PBXBuildFile; fileRef = A644F0B3193679F3009B7561 /* TimelineCell.m */; };
		A6360001193984D00059AEBF /* PathPolyline.m in Sources */ = {isa = PBXBuildFile; fileRef = A6BD97B619299AE000264548 /* PathPolyline.m */; };
		A6360002193984D50059AEBF /* MapViewController.m in Sources */ = {isa = PBXBuildFile; fileRef = A6748AB4192127E90073CE19 /* MapViewController.m */; };
		A6360003193985040059AEBF /* StopAnnotation.m in Sources */ = {isa = PBXBuildFile; fileRef = A654D888193904C400E5D0B6 /* StopAnnotation.m */; };
		A6360004193985090059AEBF /* PathTimelineCell.m in Sources */ = {isa = PBXBuildFile; fileRef = A6B91D0D192E76DA00F7106E /* PathTimelineCell.m */; };
		A63600051939850C0059AEBF /* FoursquareClient.m in Sources */ = {isa = PBXBuildFile; fileRef = A6F4D9721922FE33006C7034 /* FoursquareClient.m */; };
		A63600061939850F0059AEBF /* DataExporter.m in Sources */ = {isa = PBXBuildFile; fileRef = A6107DC919310B2B003B7837 /* DataExporter.m */; };
		A6360007193985120059AEBF /* CDVenue.m in Sources */ = {isa = PBXBuildFile; fileRef = A6A874FB1932355F00D8C7DD /* CDVenue.m */; };
		A6360008193985160059AEBF /* CDUntrackedPeriod.m in Sources */ = {isa = PBXBuildFile; fileRef = A6A874F91932355F00D8C7DD /* CDUntrackedPeriod.m */; };
		A6360009193985240059AEBF /* AppDelegate.m in Sources */ = {isa = PBXBuildFile; fileRef = A6748AAE192127E90073CE19 /* AppDelegate.m */; };
		A636000A1939852A0059AEBF /* CDPath.m in Sources */ = {isa = PBXBuildFile; fileRef = A6A874F11932355F00D8C7DD /* CDPath.m */; };
		A636000B1939852E0059AEBF /* Day.m in Sources */ = {isa = PBXBuildFile; fileRef = A6B91D1B1930017200F7106E /* Day.m */; };
		A636000C193985310059AEBF /* CDRawLocation.m in Sources */ = {isa = PBXBuildFile; fileRef = A6A874F31932355F00D8C7DD /* CDRawLocation.m */; };
		A636000D193985370059AEBF /* CDRawMotionActivity.m in Sources */ = {isa = PBXBuildFile; fileRef = A6A874F51932355F00D8C7DD /* CDRawMotionActivity.m */; };
		A636000E1939853B0059AEBF /* CDStop.m in Sources */ = {isa = PBXBuildFile; fileRef = A6A874F71932355F00D8C7DD /* CDStop.m */; };
		A636000F1939853E0059AEBF /* FoursquareVenue.m in Sources */ = {isa = PBXBuildFile; fileRef = A68425C9192302CB0083D006 /* FoursquareVenue.m */; };
		A63600101939854A0059AEBF /* LocationManager.m in Sources */ = {isa = PBXBuildFile; fileRef = A6748AD6192128D70073CE19 /* LocationManager.m */; };
		A63600111939854D0059AEBF /* MotionManager.m in Sources */ = {isa = PBXBuildFile; fileRef = A6748ADD1921344F0073CE19 /* MotionManager.m */; };
		A6360012193985520059AEBF /* DaysAgoDataSource.m in Sources */ = {isa = PBXBuildFile; fileRef = A6B91D18192FA98F00F7106E /* DaysAgoDataSource.m */; };
		A636FFF4193984810059AEBF /* Stop.m in Sources */ = {isa = PBXBuildFile; fileRef = A6806ACC1932170A00B2B0F3 /* Stop.m */; };
		A636FFF51939848C0059AEBF /* TimedEvent.m in Sources */ = {isa = PBXBuildFile; fileRef = A6A8750219323A0300D8C7DD /* TimedEvent.m */; };
		A636FFF6193984910059AEBF /* Venue.m in Sources */ = {isa = PBXBuildFile; fileRef = A6A874E51932294900D8C7DD /* Venue.m */; };
		A636FFF7193984940059AEBF /* VenueListViewController.m in Sources */ = {isa = PBXBuildFile; fileRef = A6BD97B9192A4B2900264548 /* VenueListViewController.m */; };
		A636FFF8193984980059AEBF /* UntrackedPeriod.m in Sources */ = {isa = PBXBuildFile; fileRef = A6A874E819322E7400D8C7DD /* UntrackedPeriod.m */; };
		A636FFF91939849A0059AEBF /* Theseus.m in Sources */ = {isa = PBXBuildFile; fileRef = A6C7CFE0192A7FF1001A6DAC /* Theseus.m */; };
		A636FFFA193984A70059AEBF /* UntrackedPeriodTimelineCell.m in Sources */ = {isa = PBXBuildFile; fileRef = A6B91D10192E770C00F7106E /* UntrackedPeriodTimelineCell.m */; };
		A636FFFC193984AF0059AEBF /* Path.m in Sources */ = {isa = PBXBuildFile; fileRef = A6A874E21932270000D8C7DD /* Path.m */; };
		A636FFFD193984B30059AEBF /* ListViewController.m in Sources */ = {isa = PBXBuildFile; fileRef = A6F4D96E1922E9F5006C7034 /* ListViewController.m */; };
		A636FFFF193984BC0059AEBF /* StopTimelineCell.m in Sources */ = {isa = PBXBuildFile; fileRef = A6B91D02192E70BF00F7106E /* StopTimelineCell.m */; };
		A644F0AD19366688009B7561 /* Pods-acknowledgements.plist in Resources */ = {isa = PBXBuildFile; fileRef = A644F0AC19366688009B7561 /* Pods-acknowledgements.plist */; };
		A644F0B4193679F3009B7561 /* TimelineCell.m in Sources */ = {isa = PBXBuildFile; fileRef = A644F0B3193679F3009B7561 /* TimelineCell.m */; };
		A644F0B91938F240009B7561 /* PathPolylineSpec.m in Sources */ = {isa = PBXBuildFile; fileRef = A644F0B81938F240009B7561 /* PathPolylineSpec.m */; };
		A654D889193904C400E5D0B6 /* StopAnnotation.m in Sources */ = {isa = PBXBuildFile; fileRef = A654D888193904C400E5D0B6 /* StopAnnotation.m */; };
		A65C2EEA19350D8E001FA01D /* RawLocation.m in Sources */ = {isa = PBXBuildFile; fileRef = A6A874EB193230C700D8C7DD /* RawLocation.m */; };
		A65C2EEB19350D92001FA01D /* RawMotionActivity.m in Sources */ = {isa = PBXBuildFile; fileRef = A6A874EE1932331300D8C7DD /* RawMotionActivity.m */; };
		A66211661930507F00982704 /* Configuration.plist.example in Resources */ = {isa = PBXBuildFile; fileRef = A66211651930507F00982704 /* Configuration.plist.example */; };
		A668A1F0193246ED00C6363F /* RawDataPoint.m in Sources */ = {isa = PBXBuildFile; fileRef = A6A8750519323B9E00D8C7DD /* RawDataPoint.m */; };
		A6748A9F192127E90073CE19 /* Foundation.framework in Frameworks */ = {isa = PBXBuildFile; fileRef = A6748A9E192127E90073CE19 /* Foundation.framework */; };
		A6748AA1192127E90073CE19 /* CoreGraphics.framework in Frameworks */ = {isa = PBXBuildFile; fileRef = A6748AA0192127E90073CE19 /* CoreGraphics.framework */; };
		A6748AA3192127E90073CE19 /* UIKit.framework in Frameworks */ = {isa = PBXBuildFile; fileRef = A6748AA2192127E90073CE19 /* UIKit.framework */; };
		A6748AA9192127E90073CE19 /* InfoPlist.strings in Resources */ = {isa = PBXBuildFile; fileRef = A6748AA7192127E90073CE19 /* InfoPlist.strings */; };
		A6748AAB192127E90073CE19 /* main.m in Sources */ = {isa = PBXBuildFile; fileRef = A6748AAA192127E90073CE19 /* main.m */; };
		A6748AAF192127E90073CE19 /* AppDelegate.m in Sources */ = {isa = PBXBuildFile; fileRef = A6748AAE192127E90073CE19 /* AppDelegate.m */; };
		A6748AB5192127E90073CE19 /* MapViewController.m in Sources */ = {isa = PBXBuildFile; fileRef = A6748AB4192127E90073CE19 /* MapViewController.m */; };
		A6748AB7192127E90073CE19 /* Images.xcassets in Resources */ = {isa = PBXBuildFile; fileRef = A6748AB6192127E90073CE19 /* Images.xcassets */; };
		A6748ABE192127EA0073CE19 /* XCTest.framework in Frameworks */ = {isa = PBXBuildFile; fileRef = A6748ABD192127EA0073CE19 /* XCTest.framework */; };
		A6748ABF192127EA0073CE19 /* Foundation.framework in Frameworks */ = {isa = PBXBuildFile; fileRef = A6748A9E192127E90073CE19 /* Foundation.framework */; };
		A6748AC0192127EA0073CE19 /* UIKit.framework in Frameworks */ = {isa = PBXBuildFile; fileRef = A6748AA2192127E90073CE19 /* UIKit.framework */; };
		A6748AC8192127EA0073CE19 /* InfoPlist.strings in Resources */ = {isa = PBXBuildFile; fileRef = A6748AC6192127EA0073CE19 /* InfoPlist.strings */; };
		A6748AD7192128D70073CE19 /* LocationManager.m in Sources */ = {isa = PBXBuildFile; fileRef = A6748AD6192128D70073CE19 /* LocationManager.m */; };
		A6748ADE1921344F0073CE19 /* MotionManager.m in Sources */ = {isa = PBXBuildFile; fileRef = A6748ADD1921344F0073CE19 /* MotionManager.m */; };
		A6748AE3192155F50073CE19 /* MapKit.framework in Frameworks */ = {isa = PBXBuildFile; fileRef = A6748AE2192155F50073CE19 /* MapKit.framework */; };
		A67E98F419621D8300FAC109 /* DaySpec.m in Sources */ = {isa = PBXBuildFile; fileRef = A67E98F319621D8300FAC109 /* DaySpec.m */; };
		A6806ACD1932170A00B2B0F3 /* Stop.m in Sources */ = {isa = PBXBuildFile; fileRef = A6806ACC1932170A00B2B0F3 /* Stop.m */; };
		A68425CA192302CB0083D006 /* FoursquareVenue.m in Sources */ = {isa = PBXBuildFile; fileRef = A68425C9192302CB0083D006 /* FoursquareVenue.m */; };
		A68425CC1923047F0083D006 /* Configuration.plist in Resources */ = {isa = PBXBuildFile; fileRef = A68425CB1923047F0083D006 /* Configuration.plist */; };
		A68ACA191960A3B80051A708 /* NSDate+DaysAgo.m in Sources */ = {isa = PBXBuildFile; fileRef = A68ACA181960A3B80051A708 /* NSDate+DaysAgo.m */; };
		A68ACA1A1960A3B80051A708 /* NSDate+DaysAgo.m in Sources */ = {isa = PBXBuildFile; fileRef = A68ACA181960A3B80051A708 /* NSDate+DaysAgo.m */; };
		A6A874E31932270000D8C7DD /* Path.m in Sources */ = {isa = PBXBuildFile; fileRef = A6A874E21932270000D8C7DD /* Path.m */; };
		A6A874E61932294900D8C7DD /* Venue.m in Sources */ = {isa = PBXBuildFile; fileRef = A6A874E51932294900D8C7DD /* Venue.m */; };
		A6A874E919322E7400D8C7DD /* UntrackedPeriod.m in Sources */ = {isa = PBXBuildFile; fileRef = A6A874E819322E7400D8C7DD /* UntrackedPeriod.m */; };
		A6A874EC193230C700D8C7DD /* RawLocation.m in Sources */ = {isa = PBXBuildFile; fileRef = A6A874EB193230C700D8C7DD /* RawLocation.m */; };
		A6A874EF1932331300D8C7DD /* RawMotionActivity.m in Sources */ = {isa = PBXBuildFile; fileRef = A6A874EE1932331300D8C7DD /* RawMotionActivity.m */; };
		A6A874FC1932355F00D8C7DD /* CDPath.m in Sources */ = {isa = PBXBuildFile; fileRef = A6A874F11932355F00D8C7DD /* CDPath.m */; };
		A6A874FD1932355F00D8C7DD /* CDRawLocation.m in Sources */ = {isa = PBXBuildFile; fileRef = A6A874F31932355F00D8C7DD /* CDRawLocation.m */; };
		A6A874FE1932355F00D8C7DD /* CDRawMotionActivity.m in Sources */ = {isa = PBXBuildFile; fileRef = A6A874F51932355F00D8C7DD /* CDRawMotionActivity.m */; };
		A6A874FF1932355F00D8C7DD /* CDStop.m in Sources */ = {isa = PBXBuildFile; fileRef = A6A874F71932355F00D8C7DD /* CDStop.m */; };
		A6A875001932355F00D8C7DD /* CDUntrackedPeriod.m in Sources */ = {isa = PBXBuildFile; fileRef = A6A874F91932355F00D8C7DD /* CDUntrackedPeriod.m */; };
		A6A875011932355F00D8C7DD /* CDVenue.m in Sources */ = {isa = PBXBuildFile; fileRef = A6A874FB1932355F00D8C7DD /* CDVenue.m */; };
		A6A8750319323A0300D8C7DD /* TimedEvent.m in Sources */ = {isa = PBXBuildFile; fileRef = A6A8750219323A0300D8C7DD /* TimedEvent.m */; };
		A6AAB14A1930512A000DE81E /* Configuration.plist.example in Resources */ = {isa = PBXBuildFile; fileRef = A66211651930507F00982704 /* Configuration.plist.example */; };
		A6AAB14D19305F70000DE81E /* NSString+TimeFormatterSpec.m in Sources */ = {isa = PBXBuildFile; fileRef = A6AAB14C19305F70000DE81E /* NSString+TimeFormatterSpec.m */; };
		A6AAB1501930F548000DE81E /* SettingsViewController.m in Sources */ = {isa = PBXBuildFile; fileRef = A6AAB14F1930F548000DE81E /* SettingsViewController.m */; };
		A6AAB1531930F558000DE81E /* SettingsViewController.storyboard in Resources */ = {isa = PBXBuildFile; fileRef = A6AAB1521930F558000DE81E /* SettingsViewController.storyboard */; };
		A6B91D03192E70BF00F7106E /* StopTimelineCell.m in Sources */ = {isa = PBXBuildFile; fileRef = A6B91D02192E70BF00F7106E /* StopTimelineCell.m */; };
		A6B91D08192E737200F7106E /* UITableViewCell+ReuseIdentifier.m in Sources */ = {isa = PBXBuildFile; fileRef = A6B91D07192E737200F7106E /* UITableViewCell+ReuseIdentifier.m */; };
		A6B91D0E192E76DA00F7106E /* PathTimelineCell.m in Sources */ = {isa = PBXBuildFile; fileRef = A6B91D0D192E76DA00F7106E /* PathTimelineCell.m */; };
		A6B91D11192E770C00F7106E /* UntrackedPeriodTimelineCell.m in Sources */ = {isa = PBXBuildFile; fileRef = A6B91D10192E770C00F7106E /* UntrackedPeriodTimelineCell.m */; };
		A6B91D16192EA60200F7106E /* NSString+TimeFormatter.m in Sources */ = {isa = PBXBuildFile; fileRef = A6B91D15192EA60200F7106E /* NSString+TimeFormatter.m */; };
		A6B91D19192FA98F00F7106E /* DaysAgoDataSource.m in Sources */ = {isa = PBXBuildFile; fileRef = A6B91D18192FA98F00F7106E /* DaysAgoDataSource.m */; };
		A6B91D1C1930017200F7106E /* Day.m in Sources */ = {isa = PBXBuildFile; fileRef = A6B91D1B1930017200F7106E /* Day.m */; };
		A6B91D1F193007AD00F7106E /* ListViewControllerSpec.m in Sources */ = {isa = PBXBuildFile; fileRef = A6B91D1E193007AD00F7106E /* ListViewControllerSpec.m */; };
		A6BD97B719299AE000264548 /* PathPolyline.m in Sources */ = {isa = PBXBuildFile; fileRef = A6BD97B619299AE000264548 /* PathPolyline.m */; };
		A6BD97BA192A4B2900264548 /* VenueListViewController.m in Sources */ = {isa = PBXBuildFile; fileRef = A6BD97B9192A4B2900264548 /* VenueListViewController.m */; };
		A6C307E51961EAFD003512E7 /* CDStepCount.m in Sources */ = {isa = PBXBuildFile; fileRef = A6C307E41961EAFD003512E7 /* CDStepCount.m */; };
		A6C307E81961EB30003512E7 /* StepCount.m in Sources */ = {isa = PBXBuildFile; fileRef = A6C307E71961EB30003512E7 /* StepCount.m */; };
		A6C307E91961EB30003512E7 /* StepCount.m in Sources */ = {isa = PBXBuildFile; fileRef = A6C307E71961EB30003512E7 /* StepCount.m */; };
		A6C7CFE1192A7FF1001A6DAC /* Theseus.m in Sources */ = {isa = PBXBuildFile; fileRef = A6C7CFE0192A7FF1001A6DAC /* Theseus.m */; };
		A6C7CFE3192A806B001A6DAC /* TheseusSpec.m in Sources */ = {isa = PBXBuildFile; fileRef = A6C7CFE2192A806B001A6DAC /* TheseusSpec.m */; };
		A6C7CFE9192AACA4001A6DAC /* Security.framework in Frameworks */ = {isa = PBXBuildFile; fileRef = A6C7CFE8192AACA4001A6DAC /* Security.framework */; };
		A6C7CFEB192AACA7001A6DAC /* QuartzCore.framework in Frameworks */ = {isa = PBXBuildFile; fileRef = A6C7CFEA192AACA7001A6DAC /* QuartzCore.framework */; };
		A6C7CFEC192AACAC001A6DAC /* Security.framework in Frameworks */ = {isa = PBXBuildFile; fileRef = A6C7CFE8192AACA4001A6DAC /* Security.framework */; };
		A6C7CFED192AACB0001A6DAC /* QuartzCore.framework in Frameworks */ = {isa = PBXBuildFile; fileRef = A6C7CFEA192AACA7001A6DAC /* QuartzCore.framework */; };
		A6C7CFF0192AAD2A001A6DAC /* Configuration.m in Sources */ = {isa = PBXBuildFile; fileRef = A6C7CFEF192AAD2A001A6DAC /* Configuration.m */; };
		A6C7CFF1192AAD2A001A6DAC /* Configuration.m in Sources */ = {isa = PBXBuildFile; fileRef = A6C7CFEF192AAD2A001A6DAC /* Configuration.m */; };
		A6C7CFF4192AAD87001A6DAC /* ConfigurationSpec.m in Sources */ = {isa = PBXBuildFile; fileRef = A6C7CFF3192AAD87001A6DAC /* ConfigurationSpec.m */; };
		A6E5429C1934EFF60056C20F /* ProcessAll.json in Resources */ = {isa = PBXBuildFile; fileRef = A6E5429B1934EFF60056C20F /* ProcessAll.json */; };
		A6E542A2193505DC0056C20F /* Fixture.m in Sources */ = {isa = PBXBuildFile; fileRef = A6E542A1193505DC0056C20F /* Fixture.m */; };
		A6E542A3193509440056C20F /* RawDataPoint.m in Sources */ = {isa = PBXBuildFile; fileRef = A6A8750519323B9E00D8C7DD /* RawDataPoint.m */; };
		A6F4D9111922CF13006C7034 /* Theseus.xcdatamodeld in Sources */ = {isa = PBXBuildFile; fileRef = A6F4D90F1922CF13006C7034 /* Theseus.xcdatamodeld */; };
		A6F4D95D1922D2AA006C7034 /* CoreData.framework in Frameworks */ = {isa = PBXBuildFile; fileRef = A6F4D95C1922D2AA006C7034 /* CoreData.framework */; };
		A6F4D96F1922E9F5006C7034 /* ListViewController.m in Sources */ = {isa = PBXBuildFile; fileRef = A6F4D96E1922E9F5006C7034 /* ListViewController.m */; };
		A6F4D9731922FE33006C7034 /* FoursquareClient.m in Sources */ = {isa = PBXBuildFile; fileRef = A6F4D9721922FE33006C7034 /* FoursquareClient.m */; };
		C11118D911DD46AFA835F8F3 /* libPods.a in Frameworks */ = {isa = PBXBuildFile; fileRef = A1D73CDD20E349509DE73F55 /* libPods.a */; };
/* End PBXBuildFile section */

/* Begin PBXContainerItemProxy section */
		A6748AC1192127EA0073CE19 /* PBXContainerItemProxy */ = {
			isa = PBXContainerItemProxy;
			containerPortal = A6748A93192127E90073CE19 /* Project object */;
			proxyType = 1;
			remoteGlobalIDString = A6748A9A192127E90073CE19;
			remoteInfo = Theseus;
		};
/* End PBXContainerItemProxy section */

/* Begin PBXFileReference section */
		11A05698B66A478A80DE58EE /* libPods-TheseusTests.a */ = {isa = PBXFileReference; explicitFileType = archive.ar; includeInIndex = 0; path = "libPods-TheseusTests.a"; sourceTree = BUILT_PRODUCTS_DIR; };
		4A39C22B3E1B4C40B8D8C862 /* Pods-TheseusTests.xcconfig */ = {isa = PBXFileReference; includeInIndex = 1; lastKnownFileType = text.xcconfig; name = "Pods-TheseusTests.xcconfig"; path = "Pods/Pods-TheseusTests.xcconfig"; sourceTree = "<group>"; };
		8BE585C2279B40C38BFDB9C8 /* Pods-TheseusTests.xcconfig */ = {isa = PBXFileReference; includeInIndex = 1; lastKnownFileType = text.xcconfig; name = "Pods-TheseusTests.xcconfig"; path = "Pods/Pods-TheseusTests.xcconfig"; sourceTree = "<group>"; };
		8D971CDBFFFA4B76AEF7147C /* libPods-TheseusTests.a */ = {isa = PBXFileReference; explicitFileType = archive.ar; includeInIndex = 0; path = "libPods-TheseusTests.a"; sourceTree = BUILT_PRODUCTS_DIR; };
		A1D73CDD20E349509DE73F55 /* libPods.a */ = {isa = PBXFileReference; explicitFileType = archive.ar; includeInIndex = 0; path = libPods.a; sourceTree = BUILT_PRODUCTS_DIR; };
		A609635A1960AF150042ACC3 /* StepManager.h */ = {isa = PBXFileReference; fileEncoding = 4; lastKnownFileType = sourcecode.c.h; name = StepManager.h; path = "Data Sources/StepManager.h"; sourceTree = "<group>"; };
		A609635B1960AF150042ACC3 /* StepManager.m */ = {isa = PBXFileReference; fileEncoding = 4; lastKnownFileType = sourcecode.c.objc; name = StepManager.m; path = "Data Sources/StepManager.m"; sourceTree = "<group>"; };
		A6107DC819310B2B003B7837 /* DataExporter.h */ = {isa = PBXFileReference; fileEncoding = 4; lastKnownFileType = sourcecode.c.h; name = DataExporter.h; path = Interfaces/DataExporter.h; sourceTree = "<group>"; };
		A6107DC919310B2B003B7837 /* DataExporter.m */ = {isa = PBXFileReference; fileEncoding = 4; lastKnownFileType = sourcecode.c.objc; name = DataExporter.m; path = Interfaces/DataExporter.m; sourceTree = "<group>"; };
		A61D6460192ABF6800F7EB88 /* AppDelegateSpec.m */ = {isa = PBXFileReference; fileEncoding = 4; lastKnownFileType = sourcecode.c.objc; lineEnding = 0; path = AppDelegateSpec.m; sourceTree = "<group>"; xcLanguageSpecificationIdentifier = xcode.lang.objc; };
		A644F0AC19366688009B7561 /* Pods-acknowledgements.plist */ = {isa = PBXFileReference; fileEncoding = 4; lastKnownFileType = text.plist.xml; path = "Pods-acknowledgements.plist"; sourceTree = "<group>"; };
		A644F0B3193679F3009B7561 /* TimelineCell.m */ = {isa = PBXFileReference; fileEncoding = 4; lastKnownFileType = sourcecode.c.objc; name = TimelineCell.m; path = "Views/Timeline Cells/TimelineCell.m"; sourceTree = "<group>"; };
		A644F0B81938F240009B7561 /* PathPolylineSpec.m */ = {isa = PBXFileReference; fileEncoding = 4; lastKnownFileType = sourcecode.c.objc; name = PathPolylineSpec.m; path = Presenters/PathPolylineSpec.m; sourceTree = "<group>"; };
		A654D887193904C400E5D0B6 /* StopAnnotation.h */ = {isa = PBXFileReference; fileEncoding = 4; lastKnownFileType = sourcecode.c.h; name = StopAnnotation.h; path = Presenters/StopAnnotation.h; sourceTree = "<group>"; };
		A654D888193904C400E5D0B6 /* StopAnnotation.m */ = {isa = PBXFileReference; fileEncoding = 4; lastKnownFileType = sourcecode.c.objc; name = StopAnnotation.m; path = Presenters/StopAnnotation.m; sourceTree = "<group>"; };
		A66211651930507F00982704 /* Configuration.plist.example */ = {isa = PBXFileReference; lastKnownFileType = text.xml; path = Configuration.plist.example; sourceTree = "<group>"; };
		A668A1EF1932469D00C6363F /* CDRawDataPoint.h */ = {isa = PBXFileReference; lastKnownFileType = sourcecode.c.h; lineEnding = 0; name = CDRawDataPoint.h; path = Protocols/CDRawDataPoint.h; sourceTree = "<group>"; xcLanguageSpecificationIdentifier = xcode.lang.objcpp; };
		A668A1F319324D6300C6363F /* Theseus (2014-05-25).xcdatamodel */ = {isa = PBXFileReference; lastKnownFileType = wrapper.xcdatamodel; path = "Theseus (2014-05-25).xcdatamodel"; sourceTree = "<group>"; };
		A6748A9B192127E90073CE19 /* Theseus.app */ = {isa = PBXFileReference; explicitFileType = wrapper.application; includeInIndex = 0; path = Theseus.app; sourceTree = BUILT_PRODUCTS_DIR; };
		A6748A9E192127E90073CE19 /* Foundation.framework */ = {isa = PBXFileReference; lastKnownFileType = wrapper.framework; name = Foundation.framework; path = System/Library/Frameworks/Foundation.framework; sourceTree = SDKROOT; };
		A6748AA0192127E90073CE19 /* CoreGraphics.framework */ = {isa = PBXFileReference; lastKnownFileType = wrapper.framework; name = CoreGraphics.framework; path = System/Library/Frameworks/CoreGraphics.framework; sourceTree = SDKROOT; };
		A6748AA2192127E90073CE19 /* UIKit.framework */ = {isa = PBXFileReference; lastKnownFileType = wrapper.framework; name = UIKit.framework; path = System/Library/Frameworks/UIKit.framework; sourceTree = SDKROOT; };
		A6748AA6192127E90073CE19 /* Theseus-Info.plist */ = {isa = PBXFileReference; lastKnownFileType = text.plist.xml; path = "Theseus-Info.plist"; sourceTree = "<group>"; };
		A6748AA8192127E90073CE19 /* en */ = {isa = PBXFileReference; lastKnownFileType = text.plist.strings; name = en; path = en.lproj/InfoPlist.strings; sourceTree = "<group>"; };
		A6748AAA192127E90073CE19 /* main.m */ = {isa = PBXFileReference; lastKnownFileType = sourcecode.c.objc; path = main.m; sourceTree = "<group>"; };
		A6748AAC192127E90073CE19 /* Theseus-Prefix.pch */ = {isa = PBXFileReference; lastKnownFileType = sourcecode.c.h; path = "Theseus-Prefix.pch"; sourceTree = "<group>"; };
		A6748AAD192127E90073CE19 /* AppDelegate.h */ = {isa = PBXFileReference; lastKnownFileType = sourcecode.c.h; lineEnding = 0; path = AppDelegate.h; sourceTree = "<group>"; xcLanguageSpecificationIdentifier = xcode.lang.objcpp; };
		A6748AAE192127E90073CE19 /* AppDelegate.m */ = {isa = PBXFileReference; lastKnownFileType = sourcecode.c.objc; lineEnding = 0; path = AppDelegate.m; sourceTree = "<group>"; xcLanguageSpecificationIdentifier = xcode.lang.objc; };
		A6748AB3192127E90073CE19 /* MapViewController.h */ = {isa = PBXFileReference; lastKnownFileType = sourcecode.c.h; path = MapViewController.h; sourceTree = "<group>"; };
		A6748AB4192127E90073CE19 /* MapViewController.m */ = {isa = PBXFileReference; lastKnownFileType = sourcecode.c.objc; path = MapViewController.m; sourceTree = "<group>"; };
		A6748AB6192127E90073CE19 /* Images.xcassets */ = {isa = PBXFileReference; lastKnownFileType = folder.assetcatalog; path = Images.xcassets; sourceTree = "<group>"; };
		A6748ABC192127EA0073CE19 /* TheseusTests.xctest */ = {isa = PBXFileReference; explicitFileType = wrapper.cfbundle; includeInIndex = 0; path = TheseusTests.xctest; sourceTree = BUILT_PRODUCTS_DIR; };
		A6748ABD192127EA0073CE19 /* XCTest.framework */ = {isa = PBXFileReference; lastKnownFileType = wrapper.framework; name = XCTest.framework; path = Library/Frameworks/XCTest.framework; sourceTree = DEVELOPER_DIR; };
		A6748AC5192127EA0073CE19 /* TheseusTests-Info.plist */ = {isa = PBXFileReference; lastKnownFileType = text.plist.xml; path = "TheseusTests-Info.plist"; sourceTree = "<group>"; };
		A6748AC7192127EA0073CE19 /* en */ = {isa = PBXFileReference; lastKnownFileType = text.plist.strings; name = en; path = en.lproj/InfoPlist.strings; sourceTree = "<group>"; };
		A6748AD5192128D70073CE19 /* LocationManager.h */ = {isa = PBXFileReference; fileEncoding = 4; lastKnownFileType = sourcecode.c.h; name = LocationManager.h; path = "Data Sources/LocationManager.h"; sourceTree = "<group>"; };
		A6748AD6192128D70073CE19 /* LocationManager.m */ = {isa = PBXFileReference; fileEncoding = 4; lastKnownFileType = sourcecode.c.objc; name = LocationManager.m; path = "Data Sources/LocationManager.m"; sourceTree = "<group>"; };
		A6748ADC1921344F0073CE19 /* MotionManager.h */ = {isa = PBXFileReference; fileEncoding = 4; lastKnownFileType = sourcecode.c.h; name = MotionManager.h; path = "Data Sources/MotionManager.h"; sourceTree = "<group>"; };
		A6748ADD1921344F0073CE19 /* MotionManager.m */ = {isa = PBXFileReference; fileEncoding = 4; lastKnownFileType = sourcecode.c.objc; name = MotionManager.m; path = "Data Sources/MotionManager.m"; sourceTree = "<group>"; };
		A6748AE2192155F50073CE19 /* MapKit.framework */ = {isa = PBXFileReference; lastKnownFileType = wrapper.framework; name = MapKit.framework; path = System/Library/Frameworks/MapKit.framework; sourceTree = SDKROOT; };
		A67E98F319621D8300FAC109 /* DaySpec.m */ = {isa = PBXFileReference; fileEncoding = 4; lastKnownFileType = sourcecode.c.objc; name = DaySpec.m; path = Presenters/DaySpec.m; sourceTree = "<group>"; };
		A6806ACB1932170A00B2B0F3 /* Stop.h */ = {isa = PBXFileReference; fileEncoding = 4; lastKnownFileType = sourcecode.c.h; name = Stop.h; path = Models/Stop.h; sourceTree = "<group>"; };
		A6806ACC1932170A00B2B0F3 /* Stop.m */ = {isa = PBXFileReference; fileEncoding = 4; lastKnownFileType = sourcecode.c.objc; name = Stop.m; path = Models/Stop.m; sourceTree = "<group>"; };
		A68425C8192302CB0083D006 /* FoursquareVenue.h */ = {isa = PBXFileReference; fileEncoding = 4; lastKnownFileType = sourcecode.c.h; name = FoursquareVenue.h; path = Models/FoursquareVenue.h; sourceTree = "<group>"; };
		A68425C9192302CB0083D006 /* FoursquareVenue.m */ = {isa = PBXFileReference; fileEncoding = 4; lastKnownFileType = sourcecode.c.objc; name = FoursquareVenue.m; path = Models/FoursquareVenue.m; sourceTree = "<group>"; };
		A68425CB1923047F0083D006 /* Configuration.plist */ = {isa = PBXFileReference; fileEncoding = 4; lastKnownFileType = text.plist.xml; name = Configuration.plist; path = ../Configuration.plist; sourceTree = "<group>"; };
		A688D6051951BC0F00E0886D /* Theseus (2014-06-18).xcdatamodel */ = {isa = PBXFileReference; lastKnownFileType = wrapper.xcdatamodel; path = "Theseus (2014-06-18).xcdatamodel"; sourceTree = "<group>"; };
		A68ACA171960A38C0051A708 /* NSDate+DaysAgo.h */ = {isa = PBXFileReference; lastKnownFileType = sourcecode.c.h; name = "NSDate+DaysAgo.h"; path = "Categories/NSDate+DaysAgo.h"; sourceTree = "<group>"; };
		A68ACA181960A3B80051A708 /* NSDate+DaysAgo.m */ = {isa = PBXFileReference; fileEncoding = 4; lastKnownFileType = sourcecode.c.objc; name = "NSDate+DaysAgo.m"; path = "Categories/NSDate+DaysAgo.m"; sourceTree = "<group>"; };
		A6A874E11932270000D8C7DD /* Path.h */ = {isa = PBXFileReference; fileEncoding = 4; lastKnownFileType = sourcecode.c.h; name = Path.h; path = Models/Path.h; sourceTree = "<group>"; };
		A6A874E21932270000D8C7DD /* Path.m */ = {isa = PBXFileReference; fileEncoding = 4; lastKnownFileType = sourcecode.c.objc; name = Path.m; path = Models/Path.m; sourceTree = "<group>"; };
		A6A874E41932294900D8C7DD /* Venue.h */ = {isa = PBXFileReference; fileEncoding = 4; lastKnownFileType = sourcecode.c.h; name = Venue.h; path = Models/Venue.h; sourceTree = "<group>"; };
		A6A874E51932294900D8C7DD /* Venue.m */ = {isa = PBXFileReference; fileEncoding = 4; lastKnownFileType = sourcecode.c.objc; name = Venue.m; path = Models/Venue.m; sourceTree = "<group>"; };
		A6A874E719322E7400D8C7DD /* UntrackedPeriod.h */ = {isa = PBXFileReference; fileEncoding = 4; lastKnownFileType = sourcecode.c.h; name = UntrackedPeriod.h; path = Models/UntrackedPeriod.h; sourceTree = "<group>"; };
		A6A874E819322E7400D8C7DD /* UntrackedPeriod.m */ = {isa = PBXFileReference; fileEncoding = 4; lastKnownFileType = sourcecode.c.objc; name = UntrackedPeriod.m; path = Models/UntrackedPeriod.m; sourceTree = "<group>"; };
		A6A874EA193230C700D8C7DD /* RawLocation.h */ = {isa = PBXFileReference; fileEncoding = 4; lastKnownFileType = sourcecode.c.h; name = RawLocation.h; path = Models/RawLocation.h; sourceTree = "<group>"; };
		A6A874EB193230C700D8C7DD /* RawLocation.m */ = {isa = PBXFileReference; fileEncoding = 4; lastKnownFileType = sourcecode.c.objc; name = RawLocation.m; path = Models/RawLocation.m; sourceTree = "<group>"; };
		A6A874ED1932331300D8C7DD /* RawMotionActivity.h */ = {isa = PBXFileReference; fileEncoding = 4; lastKnownFileType = sourcecode.c.h; name = RawMotionActivity.h; path = Models/RawMotionActivity.h; sourceTree = "<group>"; };
		A6A874EE1932331300D8C7DD /* RawMotionActivity.m */ = {isa = PBXFileReference; fileEncoding = 4; lastKnownFileType = sourcecode.c.objc; name = RawMotionActivity.m; path = Models/RawMotionActivity.m; sourceTree = "<group>"; };
		A6A874F01932355F00D8C7DD /* CDPath.h */ = {isa = PBXFileReference; fileEncoding = 4; lastKnownFileType = sourcecode.c.h; lineEnding = 0; name = CDPath.h; path = Models/NSManagedObjects/CDPath.h; sourceTree = "<group>"; xcLanguageSpecificationIdentifier = xcode.lang.objcpp; };
		A6A874F11932355F00D8C7DD /* CDPath.m */ = {isa = PBXFileReference; fileEncoding = 4; lastKnownFileType = sourcecode.c.objc; lineEnding = 0; name = CDPath.m; path = Models/NSManagedObjects/CDPath.m; sourceTree = "<group>"; xcLanguageSpecificationIdentifier = xcode.lang.objc; };
		A6A874F21932355F00D8C7DD /* CDRawLocation.h */ = {isa = PBXFileReference; fileEncoding = 4; lastKnownFileType = sourcecode.c.h; lineEnding = 0; name = CDRawLocation.h; path = Models/NSManagedObjects/CDRawLocation.h; sourceTree = "<group>"; xcLanguageSpecificationIdentifier = xcode.lang.objcpp; };
		A6A874F31932355F00D8C7DD /* CDRawLocation.m */ = {isa = PBXFileReference; fileEncoding = 4; lastKnownFileType = sourcecode.c.objc; lineEnding = 0; name = CDRawLocation.m; path = Models/NSManagedObjects/CDRawLocation.m; sourceTree = "<group>"; xcLanguageSpecificationIdentifier = xcode.lang.objc; };
		A6A874F41932355F00D8C7DD /* CDRawMotionActivity.h */ = {isa = PBXFileReference; fileEncoding = 4; lastKnownFileType = sourcecode.c.h; lineEnding = 0; name = CDRawMotionActivity.h; path = Models/NSManagedObjects/CDRawMotionActivity.h; sourceTree = "<group>"; xcLanguageSpecificationIdentifier = xcode.lang.objcpp; };
		A6A874F51932355F00D8C7DD /* CDRawMotionActivity.m */ = {isa = PBXFileReference; fileEncoding = 4; lastKnownFileType = sourcecode.c.objc; lineEnding = 0; name = CDRawMotionActivity.m; path = Models/NSManagedObjects/CDRawMotionActivity.m; sourceTree = "<group>"; xcLanguageSpecificationIdentifier = xcode.lang.objc; };
		A6A874F61932355F00D8C7DD /* CDStop.h */ = {isa = PBXFileReference; fileEncoding = 4; lastKnownFileType = sourcecode.c.h; lineEnding = 0; name = CDStop.h; path = Models/NSManagedObjects/CDStop.h; sourceTree = "<group>"; xcLanguageSpecificationIdentifier = xcode.lang.objcpp; };
		A6A874F71932355F00D8C7DD /* CDStop.m */ = {isa = PBXFileReference; fileEncoding = 4; lastKnownFileType = sourcecode.c.objc; lineEnding = 0; name = CDStop.m; path = Models/NSManagedObjects/CDStop.m; sourceTree = "<group>"; xcLanguageSpecificationIdentifier = xcode.lang.objc; };
		A6A874F81932355F00D8C7DD /* CDUntrackedPeriod.h */ = {isa = PBXFileReference; fileEncoding = 4; lastKnownFileType = sourcecode.c.h; name = CDUntrackedPeriod.h; path = Models/NSManagedObjects/CDUntrackedPeriod.h; sourceTree = "<group>"; };
		A6A874F91932355F00D8C7DD /* CDUntrackedPeriod.m */ = {isa = PBXFileReference; fileEncoding = 4; lastKnownFileType = sourcecode.c.objc; name = CDUntrackedPeriod.m; path = Models/NSManagedObjects/CDUntrackedPeriod.m; sourceTree = "<group>"; };
		A6A874FA1932355F00D8C7DD /* CDVenue.h */ = {isa = PBXFileReference; fileEncoding = 4; lastKnownFileType = sourcecode.c.h; name = CDVenue.h; path = Models/NSManagedObjects/CDVenue.h; sourceTree = "<group>"; };
		A6A874FB1932355F00D8C7DD /* CDVenue.m */ = {isa = PBXFileReference; fileEncoding = 4; lastKnownFileType = sourcecode.c.objc; name = CDVenue.m; path = Models/NSManagedObjects/CDVenue.m; sourceTree = "<group>"; };
		A6A8750219323A0300D8C7DD /* TimedEvent.m */ = {isa = PBXFileReference; fileEncoding = 4; lastKnownFileType = sourcecode.c.objc; name = TimedEvent.m; path = Models/TimedEvent.m; sourceTree = "<group>"; };
		A6A8750419323B9E00D8C7DD /* RawDataPoint.h */ = {isa = PBXFileReference; fileEncoding = 4; lastKnownFileType = sourcecode.c.h; name = RawDataPoint.h; path = Models/RawDataPoint.h; sourceTree = "<group>"; };
		A6A8750519323B9E00D8C7DD /* RawDataPoint.m */ = {isa = PBXFileReference; fileEncoding = 4; lastKnownFileType = sourcecode.c.objc; name = RawDataPoint.m; path = Models/RawDataPoint.m; sourceTree = "<group>"; };
		A6A8750719323BF800D8C7DD /* CDTimedEvent.h */ = {isa = PBXFileReference; lastKnownFileType = sourcecode.c.h; lineEnding = 0; name = CDTimedEvent.h; path = Protocols/CDTimedEvent.h; sourceTree = "<group>"; xcLanguageSpecificationIdentifier = xcode.lang.objcpp; };
		A6AAB14C19305F70000DE81E /* NSString+TimeFormatterSpec.m */ = {isa = PBXFileReference; fileEncoding = 4; lastKnownFileType = sourcecode.c.objc; name = "NSString+TimeFormatterSpec.m"; path = "Categories/NSString+TimeFormatterSpec.m"; sourceTree = "<group>"; };
		A6AAB14E1930F548000DE81E /* SettingsViewController.h */ = {isa = PBXFileReference; fileEncoding = 4; lastKnownFileType = sourcecode.c.h; name = SettingsViewController.h; path = "View Controllers/SettingsViewController.h"; sourceTree = "<group>"; };
		A6AAB14F1930F548000DE81E /* SettingsViewController.m */ = {isa = PBXFileReference; fileEncoding = 4; lastKnownFileType = sourcecode.c.objc; name = SettingsViewController.m; path = "View Controllers/SettingsViewController.m"; sourceTree = "<group>"; };
		A6AAB1521930F558000DE81E /* SettingsViewController.storyboard */ = {isa = PBXFileReference; fileEncoding = 4; lastKnownFileType = file.storyboard; name = SettingsViewController.storyboard; path = "View Controllers/SettingsViewController.storyboard"; sourceTree = "<group>"; };
		A6B91CFB192E6C8E00F7106E /* TimedEvent.h */ = {isa = PBXFileReference; lastKnownFileType = sourcecode.c.h; name = TimedEvent.h; path = Models/TimedEvent.h; sourceTree = "<group>"; };
		A6B91D01192E70BF00F7106E /* StopTimelineCell.h */ = {isa = PBXFileReference; fileEncoding = 4; lastKnownFileType = sourcecode.c.h; name = StopTimelineCell.h; path = "Views/Timeline Cells/StopTimelineCell.h"; sourceTree = "<group>"; };
		A6B91D02192E70BF00F7106E /* StopTimelineCell.m */ = {isa = PBXFileReference; fileEncoding = 4; lastKnownFileType = sourcecode.c.objc; name = StopTimelineCell.m; path = "Views/Timeline Cells/StopTimelineCell.m"; sourceTree = "<group>"; };
		A6B91D06192E737200F7106E /* UITableViewCell+ReuseIdentifier.h */ = {isa = PBXFileReference; fileEncoding = 4; lastKnownFileType = sourcecode.c.h; name = "UITableViewCell+ReuseIdentifier.h"; path = "Categories/UITableViewCell+ReuseIdentifier.h"; sourceTree = "<group>"; };
		A6B91D07192E737200F7106E /* UITableViewCell+ReuseIdentifier.m */ = {isa = PBXFileReference; fileEncoding = 4; lastKnownFileType = sourcecode.c.objc; name = "UITableViewCell+ReuseIdentifier.m"; path = "Categories/UITableViewCell+ReuseIdentifier.m"; sourceTree = "<group>"; };
		A6B91D0C192E76DA00F7106E /* PathTimelineCell.h */ = {isa = PBXFileReference; fileEncoding = 4; lastKnownFileType = sourcecode.c.h; name = PathTimelineCell.h; path = "Views/Timeline Cells/PathTimelineCell.h"; sourceTree = "<group>"; };
		A6B91D0D192E76DA00F7106E /* PathTimelineCell.m */ = {isa = PBXFileReference; fileEncoding = 4; lastKnownFileType = sourcecode.c.objc; name = PathTimelineCell.m; path = "Views/Timeline Cells/PathTimelineCell.m"; sourceTree = "<group>"; };
		A6B91D0F192E770C00F7106E /* UntrackedPeriodTimelineCell.h */ = {isa = PBXFileReference; fileEncoding = 4; lastKnownFileType = sourcecode.c.h; name = UntrackedPeriodTimelineCell.h; path = Categories/UntrackedPeriodTimelineCell.h; sourceTree = "<group>"; };
		A6B91D10192E770C00F7106E /* UntrackedPeriodTimelineCell.m */ = {isa = PBXFileReference; fileEncoding = 4; lastKnownFileType = sourcecode.c.objc; name = UntrackedPeriodTimelineCell.m; path = Categories/UntrackedPeriodTimelineCell.m; sourceTree = "<group>"; };
		A6B91D13192E866500F7106E /* TimelineCell.h */ = {isa = PBXFileReference; lastKnownFileType = sourcecode.c.h; name = TimelineCell.h; path = Protocols/TimelineCell.h; sourceTree = "<group>"; };
		A6B91D14192EA60200F7106E /* NSString+TimeFormatter.h */ = {isa = PBXFileReference; fileEncoding = 4; lastKnownFileType = sourcecode.c.h; name = "NSString+TimeFormatter.h"; path = "Categories/NSString+TimeFormatter.h"; sourceTree = "<group>"; };
		A6B91D15192EA60200F7106E /* NSString+TimeFormatter.m */ = {isa = PBXFileReference; fileEncoding = 4; lastKnownFileType = sourcecode.c.objc; name = "NSString+TimeFormatter.m"; path = "Categories/NSString+TimeFormatter.m"; sourceTree = "<group>"; };
		A6B91D17192FA98F00F7106E /* DaysAgoDataSource.h */ = {isa = PBXFileReference; fileEncoding = 4; lastKnownFileType = sourcecode.c.h; name = DaysAgoDataSource.h; path = "Data Sources/DaysAgoDataSource.h"; sourceTree = "<group>"; };
		A6B91D18192FA98F00F7106E /* DaysAgoDataSource.m */ = {isa = PBXFileReference; fileEncoding = 4; lastKnownFileType = sourcecode.c.objc; name = DaysAgoDataSource.m; path = "Data Sources/DaysAgoDataSource.m"; sourceTree = "<group>"; };
		A6B91D1A1930017200F7106E /* Day.h */ = {isa = PBXFileReference; fileEncoding = 4; lastKnownFileType = sourcecode.c.h; name = Day.h; path = Presenters/Day.h; sourceTree = "<group>"; };
		A6B91D1B1930017200F7106E /* Day.m */ = {isa = PBXFileReference; fileEncoding = 4; lastKnownFileType = sourcecode.c.objc; name = Day.m; path = Presenters/Day.m; sourceTree = "<group>"; };
		A6B91D1E193007AD00F7106E /* ListViewControllerSpec.m */ = {isa = PBXFileReference; fileEncoding = 4; lastKnownFileType = sourcecode.c.objc; name = ListViewControllerSpec.m; path = "View Controllers/ListViewControllerSpec.m"; sourceTree = "<group>"; };
		A6BD97B519299AE000264548 /* PathPolyline.h */ = {isa = PBXFileReference; fileEncoding = 4; lastKnownFileType = sourcecode.c.h; name = PathPolyline.h; path = Presenters/PathPolyline.h; sourceTree = "<group>"; };
		A6BD97B619299AE000264548 /* PathPolyline.m */ = {isa = PBXFileReference; fileEncoding = 4; lastKnownFileType = sourcecode.c.objc; name = PathPolyline.m; path = Presenters/PathPolyline.m; sourceTree = "<group>"; };
		A6BD97B8192A4B2900264548 /* VenueListViewController.h */ = {isa = PBXFileReference; fileEncoding = 4; lastKnownFileType = sourcecode.c.h; name = VenueListViewController.h; path = "View Controllers/VenueListViewController.h"; sourceTree = "<group>"; };
		A6BD97B9192A4B2900264548 /* VenueListViewController.m */ = {isa = PBXFileReference; fileEncoding = 4; lastKnownFileType = sourcecode.c.objc; name = VenueListViewController.m; path = "View Controllers/VenueListViewController.m"; sourceTree = "<group>"; };
		A6C307E21961E927003512E7 /* Theseus (2014-06-30).xcdatamodel */ = {isa = PBXFileReference; lastKnownFileType = wrapper.xcdatamodel; path = "Theseus (2014-06-30).xcdatamodel"; sourceTree = "<group>"; };
		A6C307E31961EAFD003512E7 /* CDStepCount.h */ = {isa = PBXFileReference; fileEncoding = 4; lastKnownFileType = sourcecode.c.h; name = CDStepCount.h; path = Models/NSManagedObjects/CDStepCount.h; sourceTree = "<group>"; };
		A6C307E41961EAFD003512E7 /* CDStepCount.m */ = {isa = PBXFileReference; fileEncoding = 4; lastKnownFileType = sourcecode.c.objc; name = CDStepCount.m; path = Models/NSManagedObjects/CDStepCount.m; sourceTree = "<group>"; };
		A6C307E61961EB30003512E7 /* StepCount.h */ = {isa = PBXFileReference; fileEncoding = 4; lastKnownFileType = sourcecode.c.h; name = StepCount.h; path = Models/StepCount.h; sourceTree = "<group>"; };
		A6C307E71961EB30003512E7 /* StepCount.m */ = {isa = PBXFileReference; fileEncoding = 4; lastKnownFileType = sourcecode.c.objc; name = StepCount.m; path = Models/StepCount.m; sourceTree = "<group>"; };
		A6C7CFDF192A7FF1001A6DAC /* Theseus.h */ = {isa = PBXFileReference; fileEncoding = 4; lastKnownFileType = sourcecode.c.h; path = Theseus.h; sourceTree = "<group>"; };
		A6C7CFE0192A7FF1001A6DAC /* Theseus.m */ = {isa = PBXFileReference; fileEncoding = 4; lastKnownFileType = sourcecode.c.objc; path = Theseus.m; sourceTree = "<group>"; };
		A6C7CFE2192A806B001A6DAC /* TheseusSpec.m */ = {isa = PBXFileReference; fileEncoding = 4; lastKnownFileType = sourcecode.c.objc; path = TheseusSpec.m; sourceTree = "<group>"; };
		A6C7CFE8192AACA4001A6DAC /* Security.framework */ = {isa = PBXFileReference; lastKnownFileType = wrapper.framework; name = Security.framework; path = System/Library/Frameworks/Security.framework; sourceTree = SDKROOT; };
		A6C7CFEA192AACA7001A6DAC /* QuartzCore.framework */ = {isa = PBXFileReference; lastKnownFileType = wrapper.framework; name = QuartzCore.framework; path = System/Library/Frameworks/QuartzCore.framework; sourceTree = SDKROOT; };
		A6C7CFEE192AAD2A001A6DAC /* Configuration.h */ = {isa = PBXFileReference; fileEncoding = 4; lastKnownFileType = sourcecode.c.h; name = Configuration.h; path = Interfaces/Configuration.h; sourceTree = "<group>"; };
		A6C7CFEF192AAD2A001A6DAC /* Configuration.m */ = {isa = PBXFileReference; fileEncoding = 4; lastKnownFileType = sourcecode.c.objc; name = Configuration.m; path = Interfaces/Configuration.m; sourceTree = "<group>"; };
		A6C7CFF3192AAD87001A6DAC /* ConfigurationSpec.m */ = {isa = PBXFileReference; fileEncoding = 4; lastKnownFileType = sourcecode.c.objc; name = ConfigurationSpec.m; path = Interfaces/ConfigurationSpec.m; sourceTree = "<group>"; };
		A6E5429B1934EFF60056C20F /* ProcessAll.json */ = {isa = PBXFileReference; fileEncoding = 4; lastKnownFileType = text.json; path = ProcessAll.json; sourceTree = "<group>"; };
		A6E542A0193505DC0056C20F /* Fixture.h */ = {isa = PBXFileReference; fileEncoding = 4; lastKnownFileType = sourcecode.c.h; name = Fixture.h; path = Helpers/Fixture.h; sourceTree = "<group>"; };
		A6E542A1193505DC0056C20F /* Fixture.m */ = {isa = PBXFileReference; fileEncoding = 4; lastKnownFileType = sourcecode.c.objc; name = Fixture.m; path = Helpers/Fixture.m; sourceTree = "<group>"; };
		A6F4D9101922CF13006C7034 /* Theseus (initial).xcdatamodel */ = {isa = PBXFileReference; lastKnownFileType = wrapper.xcdatamodel; path = "Theseus (initial).xcdatamodel"; sourceTree = "<group>"; };
		A6F4D95C1922D2AA006C7034 /* CoreData.framework */ = {isa = PBXFileReference; lastKnownFileType = wrapper.framework; name = CoreData.framework; path = System/Library/Frameworks/CoreData.framework; sourceTree = SDKROOT; };
		A6F4D96D1922E9F5006C7034 /* ListViewController.h */ = {isa = PBXFileReference; fileEncoding = 4; lastKnownFileType = sourcecode.c.h; name = ListViewController.h; path = "View Controllers/ListViewController.h"; sourceTree = "<group>"; };
		A6F4D96E1922E9F5006C7034 /* ListViewController.m */ = {isa = PBXFileReference; fileEncoding = 4; lastKnownFileType = sourcecode.c.objc; name = ListViewController.m; path = "View Controllers/ListViewController.m"; sourceTree = "<group>"; };
		A6F4D9711922FE33006C7034 /* FoursquareClient.h */ = {isa = PBXFileReference; fileEncoding = 4; lastKnownFileType = sourcecode.c.h; name = FoursquareClient.h; path = Interfaces/FoursquareClient.h; sourceTree = "<group>"; };
		A6F4D9721922FE33006C7034 /* FoursquareClient.m */ = {isa = PBXFileReference; fileEncoding = 4; lastKnownFileType = sourcecode.c.objc; name = FoursquareClient.m; path = Interfaces/FoursquareClient.m; sourceTree = "<group>"; };
		CFFE53274403422DB4CE650B /* Pods.xcconfig */ = {isa = PBXFileReference; includeInIndex = 1; lastKnownFileType = text.xcconfig; name = Pods.xcconfig; path = Pods/Pods.xcconfig; sourceTree = "<group>"; };
/* End PBXFileReference section */

/* Begin PBXFrameworksBuildPhase section */
		A6748A98192127E90073CE19 /* Frameworks */ = {
			isa = PBXFrameworksBuildPhase;
			buildActionMask = 2147483647;
			files = (
				A6C7CFEB192AACA7001A6DAC /* QuartzCore.framework in Frameworks */,
				A6C7CFE9192AACA4001A6DAC /* Security.framework in Frameworks */,
				A6F4D95D1922D2AA006C7034 /* CoreData.framework in Frameworks */,
				A6748AE3192155F50073CE19 /* MapKit.framework in Frameworks */,
				A6748AA1192127E90073CE19 /* CoreGraphics.framework in Frameworks */,
				A6748AA3192127E90073CE19 /* UIKit.framework in Frameworks */,
				A6748A9F192127E90073CE19 /* Foundation.framework in Frameworks */,
				C11118D911DD46AFA835F8F3 /* libPods.a in Frameworks */,
			);
			runOnlyForDeploymentPostprocessing = 0;
		};
		A6748AB9192127E90073CE19 /* Frameworks */ = {
			isa = PBXFrameworksBuildPhase;
			buildActionMask = 2147483647;
			files = (
				A6C7CFED192AACB0001A6DAC /* QuartzCore.framework in Frameworks */,
				A6C7CFEC192AACAC001A6DAC /* Security.framework in Frameworks */,
				A6748ABE192127EA0073CE19 /* XCTest.framework in Frameworks */,
				A6748AC0192127EA0073CE19 /* UIKit.framework in Frameworks */,
				A6748ABF192127EA0073CE19 /* Foundation.framework in Frameworks */,
				233D261913FA48D99FA6F1DA /* libPods-TheseusTests.a in Frameworks */,
			);
			runOnlyForDeploymentPostprocessing = 0;
		};
/* End PBXFrameworksBuildPhase section */

/* Begin PBXGroup section */
		A644F0B71938F227009B7561 /* Presenters */ = {
			isa = PBXGroup;
			children = (
				A644F0B81938F240009B7561 /* PathPolylineSpec.m */,
				A67E98F319621D8300FAC109 /* DaySpec.m */,
			);
			name = Presenters;
			sourceTree = "<group>";
		};
		A668A1F219324D4C00C6363F /* Data Models */ = {
			isa = PBXGroup;
			children = (
				A6F4D90F1922CF13006C7034 /* Theseus.xcdatamodeld */,
			);
			name = "Data Models";
			sourceTree = "<group>";
		};
		A6748A92192127E90073CE19 = {
			isa = PBXGroup;
			children = (
				A644F0AC19366688009B7561 /* Pods-acknowledgements.plist */,
				A66211651930507F00982704 /* Configuration.plist.example */,
				A6748AA4192127E90073CE19 /* Theseus */,
				A6748AC3192127EA0073CE19 /* TheseusTests */,
				A6748A9D192127E90073CE19 /* Frameworks */,
				A6748A9C192127E90073CE19 /* Products */,
				CFFE53274403422DB4CE650B /* Pods.xcconfig */,
				8BE585C2279B40C38BFDB9C8 /* Pods-TheseusTests.xcconfig */,
				4A39C22B3E1B4C40B8D8C862 /* Pods-TheseusTests.xcconfig */,
			);
			sourceTree = "<group>";
		};
		A6748A9C192127E90073CE19 /* Products */ = {
			isa = PBXGroup;
			children = (
				A6748A9B192127E90073CE19 /* Theseus.app */,
				A6748ABC192127EA0073CE19 /* TheseusTests.xctest */,
			);
			name = Products;
			sourceTree = "<group>";
		};
		A6748A9D192127E90073CE19 /* Frameworks */ = {
			isa = PBXGroup;
			children = (
				A6C7CFEA192AACA7001A6DAC /* QuartzCore.framework */,
				A6C7CFE8192AACA4001A6DAC /* Security.framework */,
				A6F4D95C1922D2AA006C7034 /* CoreData.framework */,
				A6748AE2192155F50073CE19 /* MapKit.framework */,
				A6748A9E192127E90073CE19 /* Foundation.framework */,
				A6748AA0192127E90073CE19 /* CoreGraphics.framework */,
				A6748AA2192127E90073CE19 /* UIKit.framework */,
				A6748ABD192127EA0073CE19 /* XCTest.framework */,
				A1D73CDD20E349509DE73F55 /* libPods.a */,
				8D971CDBFFFA4B76AEF7147C /* libPods-TheseusTests.a */,
				11A05698B66A478A80DE58EE /* libPods-TheseusTests.a */,
			);
			name = Frameworks;
			sourceTree = "<group>";
		};
		A6748AA4192127E90073CE19 /* Theseus */ = {
			isa = PBXGroup;
			children = (
				A6B91D12192E865100F7106E /* Protocols */,
				A6B91D05192E735C00F7106E /* Categories */,
				A6B91CFC192E700300F7106E /* Views */,
				A6748AAD192127E90073CE19 /* AppDelegate.h */,
				A6748AAE192127E90073CE19 /* AppDelegate.m */,
				A6748AD4192128B20073CE19 /* Data Sources */,
				A6748AB6192127E90073CE19 /* Images.xcassets */,
				A6F4D9701922FDF3006C7034 /* Interfaces */,
				A6748AD819212E7C0073CE19 /* Models */,
				A6C7CFDF192A7FF1001A6DAC /* Theseus.h */,
				A6C7CFE0192A7FF1001A6DAC /* Theseus.m */,
				A6BD97B419299AC600264548 /* Presenters */,
				A6748AA5192127E90073CE19 /* Supporting Files */,
				A6748AD3192128AB0073CE19 /* View Controllers */,
			);
			path = Theseus;
			sourceTree = "<group>";
		};
		A6748AA5192127E90073CE19 /* Supporting Files */ = {
			isa = PBXGroup;
			children = (
				A668A1F219324D4C00C6363F /* Data Models */,
				A6748AA6192127E90073CE19 /* Theseus-Info.plist */,
				A6748AA7192127E90073CE19 /* InfoPlist.strings */,
				A6748AAA192127E90073CE19 /* main.m */,
				A6748AAC192127E90073CE19 /* Theseus-Prefix.pch */,
				A68425CB1923047F0083D006 /* Configuration.plist */,
			);
			name = "Supporting Files";
			sourceTree = "<group>";
		};
		A6748AC3192127EA0073CE19 /* TheseusTests */ = {
			isa = PBXGroup;
			children = (
				A644F0B71938F227009B7561 /* Presenters */,
				A6E5429F193505C80056C20F /* Helpers */,
				A6E5429A1934EFE80056C20F /* Fixtures */,
				A6AAB14B19305F59000DE81E /* Categories */,
				A6B91D1D1930078B00F7106E /* View Controllers */,
				A6C7CFF2192AAD77001A6DAC /* Interfaces */,
				A6748AC4192127EA0073CE19 /* Supporting Files */,
				A6C7CFE2192A806B001A6DAC /* TheseusSpec.m */,
				A61D6460192ABF6800F7EB88 /* AppDelegateSpec.m */,
			);
			path = TheseusTests;
			sourceTree = "<group>";
		};
		A6748AC4192127EA0073CE19 /* Supporting Files */ = {
			isa = PBXGroup;
			children = (
				A6748AC5192127EA0073CE19 /* TheseusTests-Info.plist */,
				A6748AC6192127EA0073CE19 /* InfoPlist.strings */,
			);
			name = "Supporting Files";
			sourceTree = "<group>";
		};
		A6748AD3192128AB0073CE19 /* View Controllers */ = {
			isa = PBXGroup;
			children = (
				A6748AB3192127E90073CE19 /* MapViewController.h */,
				A6748AB4192127E90073CE19 /* MapViewController.m */,
				A6F4D96D1922E9F5006C7034 /* ListViewController.h */,
				A6F4D96E1922E9F5006C7034 /* ListViewController.m */,
				A6BD97B8192A4B2900264548 /* VenueListViewController.h */,
				A6BD97B9192A4B2900264548 /* VenueListViewController.m */,
				A6AAB14E1930F548000DE81E /* SettingsViewController.h */,
				A6AAB14F1930F548000DE81E /* SettingsViewController.m */,
				A6AAB1521930F558000DE81E /* SettingsViewController.storyboard */,
			);
			name = "View Controllers";
			sourceTree = "<group>";
		};
		A6748AD4192128B20073CE19 /* Data Sources */ = {
			isa = PBXGroup;
			children = (
				A6748AD5192128D70073CE19 /* LocationManager.h */,
				A6748AD6192128D70073CE19 /* LocationManager.m */,
				A6748ADC1921344F0073CE19 /* MotionManager.h */,
				A6748ADD1921344F0073CE19 /* MotionManager.m */,
				A6B91D17192FA98F00F7106E /* DaysAgoDataSource.h */,
				A6B91D18192FA98F00F7106E /* DaysAgoDataSource.m */,
				A609635A1960AF150042ACC3 /* StepManager.h */,
				A609635B1960AF150042ACC3 /* StepManager.m */,
			);
			name = "Data Sources";
			sourceTree = "<group>";
		};
		A6748AD819212E7C0073CE19 /* Models */ = {
			isa = PBXGroup;
			children = (
				A6806ACA19320DB100B2B0F3 /* NSManagedObjects */,
				A68425C8192302CB0083D006 /* FoursquareVenue.h */,
				A68425C9192302CB0083D006 /* FoursquareVenue.m */,
				A6806ACB1932170A00B2B0F3 /* Stop.h */,
				A6806ACC1932170A00B2B0F3 /* Stop.m */,
				A6A874E11932270000D8C7DD /* Path.h */,
				A6A874E21932270000D8C7DD /* Path.m */,
				A6A874E41932294900D8C7DD /* Venue.h */,
				A6A874E51932294900D8C7DD /* Venue.m */,
				A6A874E719322E7400D8C7DD /* UntrackedPeriod.h */,
				A6A874E819322E7400D8C7DD /* UntrackedPeriod.m */,
				A6A874EA193230C700D8C7DD /* RawLocation.h */,
				A6A874EB193230C700D8C7DD /* RawLocation.m */,
				A6A874ED1932331300D8C7DD /* RawMotionActivity.h */,
				A6A874EE1932331300D8C7DD /* RawMotionActivity.m */,
				A6B91CFB192E6C8E00F7106E /* TimedEvent.h */,
				A6A8750219323A0300D8C7DD /* TimedEvent.m */,
				A6A8750419323B9E00D8C7DD /* RawDataPoint.h */,
				A6A8750519323B9E00D8C7DD /* RawDataPoint.m */,
				A6C307E61961EB30003512E7 /* StepCount.h */,
				A6C307E71961EB30003512E7 /* StepCount.m */,
			);
			name = Models;
			sourceTree = "<group>";
		};
		A6806ACA19320DB100B2B0F3 /* NSManagedObjects */ = {
			isa = PBXGroup;
			children = (
				A6A874F01932355F00D8C7DD /* CDPath.h */,
				A6A874F11932355F00D8C7DD /* CDPath.m */,
				A6A874F21932355F00D8C7DD /* CDRawLocation.h */,
				A6A874F31932355F00D8C7DD /* CDRawLocation.m */,
				A6A874F41932355F00D8C7DD /* CDRawMotionActivity.h */,
				A6A874F51932355F00D8C7DD /* CDRawMotionActivity.m */,
				A6A874F61932355F00D8C7DD /* CDStop.h */,
				A6A874F71932355F00D8C7DD /* CDStop.m */,
				A6A874F81932355F00D8C7DD /* CDUntrackedPeriod.h */,
				A6A874F91932355F00D8C7DD /* CDUntrackedPeriod.m */,
				A6A874FA1932355F00D8C7DD /* CDVenue.h */,
				A6A874FB1932355F00D8C7DD /* CDVenue.m */,
				A6C307E31961EAFD003512E7 /* CDStepCount.h */,
				A6C307E41961EAFD003512E7 /* CDStepCount.m */,
			);
			name = NSManagedObjects;
			sourceTree = "<group>";
		};
		A6AAB14B19305F59000DE81E /* Categories */ = {
			isa = PBXGroup;
			children = (
				A6AAB14C19305F70000DE81E /* NSString+TimeFormatterSpec.m */,
			);
			name = Categories;
			sourceTree = "<group>";
		};
		A6B91CFC192E700300F7106E /* Views */ = {
			isa = PBXGroup;
			children = (
				A6B91CFD192E700600F7106E /* Timeline Cells */,
			);
			name = Views;
			sourceTree = "<group>";
		};
		A6B91CFD192E700600F7106E /* Timeline Cells */ = {
			isa = PBXGroup;
			children = (
				A6B91D13192E866500F7106E /* TimelineCell.h */,
				A6B91D01192E70BF00F7106E /* StopTimelineCell.h */,
				A6B91D02192E70BF00F7106E /* StopTimelineCell.m */,
				A6B91D0C192E76DA00F7106E /* PathTimelineCell.h */,
				A6B91D0D192E76DA00F7106E /* PathTimelineCell.m */,
				A6B91D0F192E770C00F7106E /* UntrackedPeriodTimelineCell.h */,
				A6B91D10192E770C00F7106E /* UntrackedPeriodTimelineCell.m */,
				A644F0B3193679F3009B7561 /* TimelineCell.m */,
			);
			name = "Timeline Cells";
			sourceTree = "<group>";
		};
		A6B91D05192E735C00F7106E /* Categories */ = {
			isa = PBXGroup;
			children = (
				A6B91D06192E737200F7106E /* UITableViewCell+ReuseIdentifier.h */,
				A6B91D07192E737200F7106E /* UITableViewCell+ReuseIdentifier.m */,
				A6B91D14192EA60200F7106E /* NSString+TimeFormatter.h */,
				A6B91D15192EA60200F7106E /* NSString+TimeFormatter.m */,
				A68ACA171960A38C0051A708 /* NSDate+DaysAgo.h */,
				A68ACA181960A3B80051A708 /* NSDate+DaysAgo.m */,
			);
			name = Categories;
			sourceTree = "<group>";
		};
		A6B91D12192E865100F7106E /* Protocols */ = {
			isa = PBXGroup;
			children = (
				A6A8750719323BF800D8C7DD /* CDTimedEvent.h */,
				A668A1EF1932469D00C6363F /* CDRawDataPoint.h */,
			);
			name = Protocols;
			sourceTree = "<group>";
		};
		A6B91D1D1930078B00F7106E /* View Controllers */ = {
			isa = PBXGroup;
			children = (
				A6B91D1E193007AD00F7106E /* ListViewControllerSpec.m */,
			);
			name = "View Controllers";
			sourceTree = "<group>";
		};
		A6BD97B419299AC600264548 /* Presenters */ = {
			isa = PBXGroup;
			children = (
				A6B91D1A1930017200F7106E /* Day.h */,
				A6B91D1B1930017200F7106E /* Day.m */,
				A6BD97B519299AE000264548 /* PathPolyline.h */,
				A6BD97B619299AE000264548 /* PathPolyline.m */,
				A654D887193904C400E5D0B6 /* StopAnnotation.h */,
				A654D888193904C400E5D0B6 /* StopAnnotation.m */,
			);
			name = Presenters;
			sourceTree = "<group>";
		};
		A6C7CFF2192AAD77001A6DAC /* Interfaces */ = {
			isa = PBXGroup;
			children = (
				A6C7CFF3192AAD87001A6DAC /* ConfigurationSpec.m */,
			);
			name = Interfaces;
			sourceTree = "<group>";
		};
		A6E5429A1934EFE80056C20F /* Fixtures */ = {
			isa = PBXGroup;
			children = (
				A6E5429B1934EFF60056C20F /* ProcessAll.json */,
			);
			name = Fixtures;
			sourceTree = "<group>";
		};
		A6E5429F193505C80056C20F /* Helpers */ = {
			isa = PBXGroup;
			children = (
				A6E542A0193505DC0056C20F /* Fixture.h */,
				A6E542A1193505DC0056C20F /* Fixture.m */,
			);
			name = Helpers;
			sourceTree = "<group>";
		};
		A6F4D9701922FDF3006C7034 /* Interfaces */ = {
			isa = PBXGroup;
			children = (
				A6F4D9711922FE33006C7034 /* FoursquareClient.h */,
				A6F4D9721922FE33006C7034 /* FoursquareClient.m */,
				A6C7CFEE192AAD2A001A6DAC /* Configuration.h */,
				A6C7CFEF192AAD2A001A6DAC /* Configuration.m */,
				A6107DC819310B2B003B7837 /* DataExporter.h */,
				A6107DC919310B2B003B7837 /* DataExporter.m */,
			);
			name = Interfaces;
			sourceTree = "<group>";
		};
/* End PBXGroup section */

/* Begin PBXNativeTarget section */
		A6748A9A192127E90073CE19 /* Theseus */ = {
			isa = PBXNativeTarget;
			buildConfigurationList = A6748ACD192127EA0073CE19 /* Build configuration list for PBXNativeTarget "Theseus" */;
			buildPhases = (
				AC358971F6BA49D48AD6EFDD /* Check Pods Manifest.lock */,
				A6748A97192127E90073CE19 /* Sources */,
				A6CF8489192BD550008672BF /* ShellScript */,
				A6748A98192127E90073CE19 /* Frameworks */,
				A6748A99192127E90073CE19 /* Resources */,
				F3A6364F3A5C4563A93D828D /* Copy Pods Resources */,
				A6B91CF7192D3FC500F7106E /* ShellScript */,
			);
			buildRules = (
			);
			dependencies = (
			);
			name = Theseus;
			productName = Theseus;
			productReference = A6748A9B192127E90073CE19 /* Theseus.app */;
			productType = "com.apple.product-type.application";
		};
		A6748ABB192127E90073CE19 /* TheseusTests */ = {
			isa = PBXNativeTarget;
			buildConfigurationList = A6748AD0192127EA0073CE19 /* Build configuration list for PBXNativeTarget "TheseusTests" */;
			buildPhases = (
				426E92F6F7134E048689025D /* Check Pods Manifest.lock */,
				A6748AB8192127E90073CE19 /* Sources */,
				A6748AB9192127E90073CE19 /* Frameworks */,
				A6748ABA192127E90073CE19 /* Resources */,
				4871640B1F314BB7A5A7DAF5 /* Copy Pods Resources */,
			);
			buildRules = (
			);
			dependencies = (
				A6748AC2192127EA0073CE19 /* PBXTargetDependency */,
			);
			name = TheseusTests;
			productName = TheseusTests;
			productReference = A6748ABC192127EA0073CE19 /* TheseusTests.xctest */;
			productType = "com.apple.product-type.bundle.unit-test";
		};
/* End PBXNativeTarget section */

/* Begin PBXProject section */
		A6748A93192127E90073CE19 /* Project object */ = {
			isa = PBXProject;
			attributes = {
				LastUpgradeCheck = 0510;
				ORGANIZATIONNAME = "Lazer-Walker";
				TargetAttributes = {
					A6748A9A192127E90073CE19 = {
						SystemCapabilities = {
							com.apple.BackgroundModes = {
								enabled = 1;
							};
						};
					};
					A6748ABB192127E90073CE19 = {
						TestTargetID = A6748A9A192127E90073CE19;
					};
				};
			};
			buildConfigurationList = A6748A96192127E90073CE19 /* Build configuration list for PBXProject "Theseus" */;
			compatibilityVersion = "Xcode 3.2";
			developmentRegion = English;
			hasScannedForEncodings = 0;
			knownRegions = (
				en,
				Base,
			);
			mainGroup = A6748A92192127E90073CE19;
			productRefGroup = A6748A9C192127E90073CE19 /* Products */;
			projectDirPath = "";
			projectRoot = "";
			targets = (
				A6748A9A192127E90073CE19 /* Theseus */,
				A6748ABB192127E90073CE19 /* TheseusTests */,
			);
		};
/* End PBXProject section */

/* Begin PBXResourcesBuildPhase section */
		A6748A99192127E90073CE19 /* Resources */ = {
			isa = PBXResourcesBuildPhase;
			buildActionMask = 2147483647;
			files = (
				A6AAB14A1930512A000DE81E /* Configuration.plist.example in Resources */,
				A68425CC1923047F0083D006 /* Configuration.plist in Resources */,
				A6AAB1531930F558000DE81E /* SettingsViewController.storyboard in Resources */,
				A644F0AD19366688009B7561 /* Pods-acknowledgements.plist in Resources */,
				A6748AB7192127E90073CE19 /* Images.xcassets in Resources */,
				A6748AA9192127E90073CE19 /* InfoPlist.strings in Resources */,
			);
			runOnlyForDeploymentPostprocessing = 0;
		};
		A6748ABA192127E90073CE19 /* Resources */ = {
			isa = PBXResourcesBuildPhase;
			buildActionMask = 2147483647;
			files = (
				A6107DC7193108B1003B7837 /* SettingsViewController.storyboard in Resources */,
				A66211661930507F00982704 /* Configuration.plist.example in Resources */,
				A6E5429C1934EFF60056C20F /* ProcessAll.json in Resources */,
				A6748AC8192127EA0073CE19 /* InfoPlist.strings in Resources */,
			);
			runOnlyForDeploymentPostprocessing = 0;
		};
/* End PBXResourcesBuildPhase section */

/* Begin PBXShellScriptBuildPhase section */
		426E92F6F7134E048689025D /* Check Pods Manifest.lock */ = {
			isa = PBXShellScriptBuildPhase;
			buildActionMask = 2147483647;
			files = (
			);
			inputPaths = (
			);
			name = "Check Pods Manifest.lock";
			outputPaths = (
			);
			runOnlyForDeploymentPostprocessing = 0;
			shellPath = /bin/sh;
			shellScript = "diff \"${PODS_ROOT}/../Podfile.lock\" \"${PODS_ROOT}/Manifest.lock\" > /dev/null\nif [[ $? != 0 ]] ; then\n    cat << EOM\nerror: The sandbox is not in sync with the Podfile.lock. Run 'pod install' or update your CocoaPods installation.\nEOM\n    exit 1\nfi\n";
			showEnvVarsInLog = 0;
		};
		4871640B1F314BB7A5A7DAF5 /* Copy Pods Resources */ = {
			isa = PBXShellScriptBuildPhase;
			buildActionMask = 2147483647;
			files = (
			);
			inputPaths = (
			);
			name = "Copy Pods Resources";
			outputPaths = (
			);
			runOnlyForDeploymentPostprocessing = 0;
			shellPath = /bin/sh;
			shellScript = "\"${SRCROOT}/Pods/Pods-TheseusTests-resources.sh\"\n";
			showEnvVarsInLog = 0;
		};
		A6B91CF7192D3FC500F7106E /* ShellScript */ = {
			isa = PBXShellScriptBuildPhase;
			buildActionMask = 2147483647;
			files = (
			);
			inputPaths = (
			);
			outputPaths = (
			);
			runOnlyForDeploymentPostprocessing = 0;
			shellPath = /bin/sh;
			shellScript = "echo \"The solution is ${DROPBOX_APP_KEY}\"";
		};
		A6CF8489192BD550008672BF /* ShellScript */ = {
			isa = PBXShellScriptBuildPhase;
			buildActionMask = 2147483647;
			files = (
			);
			inputPaths = (
			);
			outputPaths = (
			);
			runOnlyForDeploymentPostprocessing = 0;
			shellPath = /bin/sh;
			shellScript = "DROPBOX_APP_KEY=$(/usr/libexec/PlistBuddy \"${PROJECT_DIR}/Configuration.plist\" -c \"print :DropboxAPI:AppKey\")\necho $DROPBOX_APP_KEY\n/usr/libexec/PlistBuddy ${INFOPLIST_FILE} -c \"Set :CFBundleURLTypes:0:CFBundleURLSchemes:0 db-${DROPBOX_APP_KEY}\"";
		};
		AC358971F6BA49D48AD6EFDD /* Check Pods Manifest.lock */ = {
			isa = PBXShellScriptBuildPhase;
			buildActionMask = 2147483647;
			files = (
			);
			inputPaths = (
			);
			name = "Check Pods Manifest.lock";
			outputPaths = (
			);
			runOnlyForDeploymentPostprocessing = 0;
			shellPath = /bin/sh;
			shellScript = "diff \"${PODS_ROOT}/../Podfile.lock\" \"${PODS_ROOT}/Manifest.lock\" > /dev/null\nif [[ $? != 0 ]] ; then\n    cat << EOM\nerror: The sandbox is not in sync with the Podfile.lock. Run 'pod install' or update your CocoaPods installation.\nEOM\n    exit 1\nfi\n";
			showEnvVarsInLog = 0;
		};
		F3A6364F3A5C4563A93D828D /* Copy Pods Resources */ = {
			isa = PBXShellScriptBuildPhase;
			buildActionMask = 2147483647;
			files = (
			);
			inputPaths = (
			);
			name = "Copy Pods Resources";
			outputPaths = (
			);
			runOnlyForDeploymentPostprocessing = 0;
			shellPath = /bin/sh;
			shellScript = "\"${SRCROOT}/Pods/Pods-resources.sh\"\n";
			showEnvVarsInLog = 0;
		};
/* End PBXShellScriptBuildPhase section */

/* Begin PBXSourcesBuildPhase section */
		A6748A97192127E90073CE19 /* Sources */ = {
			isa = PBXSourcesBuildPhase;
			buildActionMask = 2147483647;
			files = (
				A6A874E61932294900D8C7DD /* Venue.m in Sources */,
				A6C307E81961EB30003512E7 /* StepCount.m in Sources */,
				A6B91D03192E70BF00F7106E /* StopTimelineCell.m in Sources */,
				A6A8750319323A0300D8C7DD /* TimedEvent.m in Sources */,
				A6B91D08192E737200F7106E /* UITableViewCell+ReuseIdentifier.m in Sources */,
				A6A875001932355F00D8C7DD /* CDUntrackedPeriod.m in Sources */,
				A6A875011932355F00D8C7DD /* CDVenue.m in Sources */,
				A6B91D1C1930017200F7106E /* Day.m in Sources */,
				A6A874FE1932355F00D8C7DD /* CDRawMotionActivity.m in Sources */,
				A654D889193904C400E5D0B6 /* StopAnnotation.m in Sources */,
				A6107DCE19314B13003B7837 /* DataExporter.m in Sources */,
				A6F4D9731922FE33006C7034 /* FoursquareClient.m in Sources */,
				A6748AD7192128D70073CE19 /* LocationManager.m in Sources */,
				A6BD97BA192A4B2900264548 /* VenueListViewController.m in Sources */,
				A6806ACD1932170A00B2B0F3 /* Stop.m in Sources */,
				A6C7CFF0192AAD2A001A6DAC /* Configuration.m in Sources */,
				A6A874FD1932355F00D8C7DD /* CDRawLocation.m in Sources */,
				A6A874EC193230C700D8C7DD /* RawLocation.m in Sources */,
				A668A1F0193246ED00C6363F /* RawDataPoint.m in Sources */,
				A609635C1960AF150042ACC3 /* StepManager.m in Sources */,
				A6B91D19192FA98F00F7106E /* DaysAgoDataSource.m in Sources */,
				A6AAB1501930F548000DE81E /* SettingsViewController.m in Sources */,
				A6A874E31932270000D8C7DD /* Path.m in Sources */,
				A68ACA191960A3B80051A708 /* NSDate+DaysAgo.m in Sources */,
				A68425CA192302CB0083D006 /* FoursquareVenue.m in Sources */,
				A6A874FC1932355F00D8C7DD /* CDPath.m in Sources */,
				A6F4D96F1922E9F5006C7034 /* ListViewController.m in Sources */,
				A6748ADE1921344F0073CE19 /* MotionManager.m in Sources */,
				A6748AB5192127E90073CE19 /* MapViewController.m in Sources */,
				A6748AAF192127E90073CE19 /* AppDelegate.m in Sources */,
				A6A874E919322E7400D8C7DD /* UntrackedPeriod.m in Sources */,
				A6BD97B719299AE000264548 /* PathPolyline.m in Sources */,
				A6748AAB192127E90073CE19 /* main.m in Sources */,
				A6C7CFE1192A7FF1001A6DAC /* Theseus.m in Sources */,
				A644F0B4193679F3009B7561 /* TimelineCell.m in Sources */,
				A6B91D16192EA60200F7106E /* NSString+TimeFormatter.m in Sources */,
				A6B91D0E192E76DA00F7106E /* PathTimelineCell.m in Sources */,
				A6F4D9111922CF13006C7034 /* Theseus.xcdatamodeld in Sources */,
				A6C307E51961EAFD003512E7 /* CDStepCount.m in Sources */,
				A6A874FF1932355F00D8C7DD /* CDStop.m in Sources */,
				A6B91D11192E770C00F7106E /* UntrackedPeriodTimelineCell.m in Sources */,
				A6A874EF1932331300D8C7DD /* RawMotionActivity.m in Sources */,
			);
			runOnlyForDeploymentPostprocessing = 0;
		};
		A6748AB8192127E90073CE19 /* Sources */ = {
			isa = PBXSourcesBuildPhase;
			buildActionMask = 2147483647;
			files = (
				A636FFF4193984810059AEBF /* Stop.m in Sources */,
				A6C307E91961EB30003512E7 /* StepCount.m in Sources */,
				A6360004193985090059AEBF /* PathTimelineCell.m in Sources */,
				A6AAB14D19305F70000DE81E /* NSString+TimeFormatterSpec.m in Sources */,
				A636000C193985310059AEBF /* CDRawLocation.m in Sources */,
				A636000D193985370059AEBF /* CDRawMotionActivity.m in Sources */,
				A68ACA1A1960A3B80051A708 /* NSDate+DaysAgo.m in Sources */,
				A636FFFD193984B30059AEBF /* ListViewController.m in Sources */,
				A63600051939850C0059AEBF /* FoursquareClient.m in Sources */,
				A636FFF7193984940059AEBF /* VenueListViewController.m in Sources */,
				A644F0B91938F240009B7561 /* PathPolylineSpec.m in Sources */,
				A636FFF6193984910059AEBF /* Venue.m in Sources */,
				A636FFF8193984980059AEBF /* UntrackedPeriod.m in Sources */,
				A636FFFA193984A70059AEBF /* UntrackedPeriodTimelineCell.m in Sources */,
				A63600111939854D0059AEBF /* MotionManager.m in Sources */,
				A63600101939854A0059AEBF /* LocationManager.m in Sources */,
				A63600061939850F0059AEBF /* DataExporter.m in Sources */,
				A6360008193985160059AEBF /* CDUntrackedPeriod.m in Sources */,
				A6360009193985240059AEBF /* AppDelegate.m in Sources */,
				A65C2EEA19350D8E001FA01D /* RawLocation.m in Sources */,
				A6360007193985120059AEBF /* CDVenue.m in Sources */,
				A636000E1939853B0059AEBF /* CDStop.m in Sources */,
				A67E98F419621D8300FAC109 /* DaySpec.m in Sources */,
				A6360012193985520059AEBF /* DaysAgoDataSource.m in Sources */,
				A636000F1939853E0059AEBF /* FoursquareVenue.m in Sources */,
				A6C7CFF1192AAD2A001A6DAC /* Configuration.m in Sources */,
				A6360000193984CC0059AEBF /* TimelineCell.m in Sources */,
				A636FFF51939848C0059AEBF /* TimedEvent.m in Sources */,
				A6E542A2193505DC0056C20F /* Fixture.m in Sources */,
				A636FFFC193984AF0059AEBF /* Path.m in Sources */,
				A6C7CFE3192A806B001A6DAC /* TheseusSpec.m in Sources */,
				A6C7CFF4192AAD87001A6DAC /* ConfigurationSpec.m in Sources */,
				A636FFFF193984BC0059AEBF /* StopTimelineCell.m in Sources */,
				A6E542A3193509440056C20F /* RawDataPoint.m in Sources */,
				A6360002193984D50059AEBF /* MapViewController.m in Sources */,
				A65C2EEB19350D92001FA01D /* RawMotionActivity.m in Sources */,
				A636000A1939852A0059AEBF /* CDPath.m in Sources */,
				A636000B1939852E0059AEBF /* Day.m in Sources */,
				A636FFF91939849A0059AEBF /* Theseus.m in Sources */,
				A6360003193985040059AEBF /* StopAnnotation.m in Sources */,
				A61D6461192ABF6800F7EB88 /* AppDelegateSpec.m in Sources */,
				A6360001193984D00059AEBF /* PathPolyline.m in Sources */,
				A6B91D1F193007AD00F7106E /* ListViewControllerSpec.m in Sources */,
			);
			runOnlyForDeploymentPostprocessing = 0;
		};
/* End PBXSourcesBuildPhase section */

/* Begin PBXTargetDependency section */
		A6748AC2192127EA0073CE19 /* PBXTargetDependency */ = {
			isa = PBXTargetDependency;
			target = A6748A9A192127E90073CE19 /* Theseus */;
			targetProxy = A6748AC1192127EA0073CE19 /* PBXContainerItemProxy */;
		};
/* End PBXTargetDependency section */

/* Begin PBXVariantGroup section */
		A6748AA7192127E90073CE19 /* InfoPlist.strings */ = {
			isa = PBXVariantGroup;
			children = (
				A6748AA8192127E90073CE19 /* en */,
			);
			name = InfoPlist.strings;
			sourceTree = "<group>";
		};
		A6748AC6192127EA0073CE19 /* InfoPlist.strings */ = {
			isa = PBXVariantGroup;
			children = (
				A6748AC7192127EA0073CE19 /* en */,
			);
			name = InfoPlist.strings;
			sourceTree = "<group>";
		};
/* End PBXVariantGroup section */

/* Begin XCBuildConfiguration section */
		A6748ACB192127EA0073CE19 /* Debug */ = {
			isa = XCBuildConfiguration;
			buildSettings = {
				ALWAYS_SEARCH_USER_PATHS = NO;
				CLANG_CXX_LANGUAGE_STANDARD = "gnu++0x";
				CLANG_CXX_LIBRARY = "libc++";
				CLANG_ENABLE_MODULES = YES;
				CLANG_ENABLE_OBJC_ARC = YES;
				CLANG_WARN_BOOL_CONVERSION = YES;
				CLANG_WARN_CONSTANT_CONVERSION = YES;
				CLANG_WARN_DIRECT_OBJC_ISA_USAGE = YES_ERROR;
				CLANG_WARN_EMPTY_BODY = YES;
				CLANG_WARN_ENUM_CONVERSION = YES;
				CLANG_WARN_INT_CONVERSION = YES;
				CLANG_WARN_OBJC_ROOT_CLASS = YES_ERROR;
				CLANG_WARN__DUPLICATE_METHOD_MATCH = YES;
				"CODE_SIGN_IDENTITY[sdk=iphoneos*]" = "iPhone Developer";
				COPY_PHASE_STRIP = NO;
				GCC_C_LANGUAGE_STANDARD = gnu99;
				GCC_DYNAMIC_NO_PIC = NO;
				GCC_OPTIMIZATION_LEVEL = 0;
				GCC_PREPROCESSOR_DEFINITIONS = (
					"DEBUG=1",
					"$(inherited)",
				);
				GCC_SYMBOLS_PRIVATE_EXTERN = NO;
				GCC_WARN_64_TO_32_BIT_CONVERSION = YES;
				GCC_WARN_ABOUT_RETURN_TYPE = YES_ERROR;
				GCC_WARN_UNDECLARED_SELECTOR = YES;
				GCC_WARN_UNINITIALIZED_AUTOS = YES_AGGRESSIVE;
				GCC_WARN_UNUSED_FUNCTION = YES;
				GCC_WARN_UNUSED_VARIABLE = YES;
				IPHONEOS_DEPLOYMENT_TARGET = 8.0;
				ONLY_ACTIVE_ARCH = YES;
				SDKROOT = iphoneos;
			};
			name = Debug;
		};
		A6748ACC192127EA0073CE19 /* Release */ = {
			isa = XCBuildConfiguration;
			buildSettings = {
				ALWAYS_SEARCH_USER_PATHS = NO;
				CLANG_CXX_LANGUAGE_STANDARD = "gnu++0x";
				CLANG_CXX_LIBRARY = "libc++";
				CLANG_ENABLE_MODULES = YES;
				CLANG_ENABLE_OBJC_ARC = YES;
				CLANG_WARN_BOOL_CONVERSION = YES;
				CLANG_WARN_CONSTANT_CONVERSION = YES;
				CLANG_WARN_DIRECT_OBJC_ISA_USAGE = YES_ERROR;
				CLANG_WARN_EMPTY_BODY = YES;
				CLANG_WARN_ENUM_CONVERSION = YES;
				CLANG_WARN_INT_CONVERSION = YES;
				CLANG_WARN_OBJC_ROOT_CLASS = YES_ERROR;
				CLANG_WARN__DUPLICATE_METHOD_MATCH = YES;
				"CODE_SIGN_IDENTITY[sdk=iphoneos*]" = "iPhone Developer";
				COPY_PHASE_STRIP = YES;
				ENABLE_NS_ASSERTIONS = NO;
				GCC_C_LANGUAGE_STANDARD = gnu99;
				GCC_WARN_64_TO_32_BIT_CONVERSION = YES;
				GCC_WARN_ABOUT_RETURN_TYPE = YES_ERROR;
				GCC_WARN_UNDECLARED_SELECTOR = YES;
				GCC_WARN_UNINITIALIZED_AUTOS = YES_AGGRESSIVE;
				GCC_WARN_UNUSED_FUNCTION = YES;
				GCC_WARN_UNUSED_VARIABLE = YES;
				IPHONEOS_DEPLOYMENT_TARGET = 8.0;
				SDKROOT = iphoneos;
				VALIDATE_PRODUCT = YES;
			};
			name = Release;
		};
		A6748ACE192127EA0073CE19 /* Debug */ = {
			isa = XCBuildConfiguration;
			baseConfigurationReference = CFFE53274403422DB4CE650B /* Pods.xcconfig */;
			buildSettings = {
				ASSETCATALOG_COMPILER_APPICON_NAME = AppIcon;
				ASSETCATALOG_COMPILER_LAUNCHIMAGE_NAME = LaunchImage;
				FRAMEWORK_SEARCH_PATHS = (
					"$(inherited)",
					"$(PROJECT_DIR)/Theseus",
					"$(PROJECT_DIR)",
				);
				GCC_PRECOMPILE_PREFIX_HEADER = YES;
				GCC_PREFIX_HEADER = "Theseus/Theseus-Prefix.pch";
				INFOPLIST_FILE = "Theseus/Theseus-Info.plist";
				IPHONEOS_DEPLOYMENT_TARGET = 7.1;
				PRODUCT_NAME = "$(TARGET_NAME)";
				WRAPPER_EXTENSION = app;
			};
			name = Debug;
		};
		A6748ACF192127EA0073CE19 /* Release */ = {
			isa = XCBuildConfiguration;
			baseConfigurationReference = CFFE53274403422DB4CE650B /* Pods.xcconfig */;
			buildSettings = {
				ASSETCATALOG_COMPILER_APPICON_NAME = AppIcon;
				ASSETCATALOG_COMPILER_LAUNCHIMAGE_NAME = LaunchImage;
				FRAMEWORK_SEARCH_PATHS = (
					"$(inherited)",
					"$(PROJECT_DIR)/Theseus",
					"$(PROJECT_DIR)",
				);
				GCC_PRECOMPILE_PREFIX_HEADER = YES;
				GCC_PREFIX_HEADER = "Theseus/Theseus-Prefix.pch";
				INFOPLIST_FILE = "Theseus/Theseus-Info.plist";
				IPHONEOS_DEPLOYMENT_TARGET = 7.1;
				PRODUCT_NAME = "$(TARGET_NAME)";
				WRAPPER_EXTENSION = app;
			};
			name = Release;
		};
		A6748AD1192127EA0073CE19 /* Debug */ = {
			isa = XCBuildConfiguration;
			baseConfigurationReference = 4A39C22B3E1B4C40B8D8C862 /* Pods-TheseusTests.xcconfig */;
			buildSettings = {
				BUNDLE_LOADER = "$(BUILT_PRODUCTS_DIR)/Theseus.app/Theseus";
				FRAMEWORK_SEARCH_PATHS = (
					"$(SDKROOT)/Developer/Library/Frameworks",
					"$(inherited)",
					"$(DEVELOPER_FRAMEWORKS_DIR)",
					"$(PROJECT_DIR)/Theseus",
					"$(PROJECT_DIR)",
				);
				GCC_PRECOMPILE_PREFIX_HEADER = YES;
				GCC_PREFIX_HEADER = "Theseus/Theseus-Prefix.pch";
				GCC_PREPROCESSOR_DEFINITIONS = (
					"DEBUG=1",
					"$(inherited)",
				);
				INFOPLIST_FILE = "TheseusTests/TheseusTests-Info.plist";
				ONLY_ACTIVE_ARCH = YES;
				PRODUCT_NAME = "$(TARGET_NAME)";
				TEST_HOST = "$(BUNDLE_LOADER)";
				WRAPPER_EXTENSION = xctest;
			};
			name = Debug;
		};
		A6748AD2192127EA0073CE19 /* Release */ = {
			isa = XCBuildConfiguration;
			baseConfigurationReference = 4A39C22B3E1B4C40B8D8C862 /* Pods-TheseusTests.xcconfig */;
			buildSettings = {
				BUNDLE_LOADER = "$(BUILT_PRODUCTS_DIR)/Theseus.app/Theseus";
				FRAMEWORK_SEARCH_PATHS = (
					"$(SDKROOT)/Developer/Library/Frameworks",
					"$(inherited)",
					"$(DEVELOPER_FRAMEWORKS_DIR)",
					"$(PROJECT_DIR)/Theseus",
					"$(PROJECT_DIR)",
				);
				GCC_PRECOMPILE_PREFIX_HEADER = YES;
				GCC_PREFIX_HEADER = "Theseus/Theseus-Prefix.pch";
				INFOPLIST_FILE = "TheseusTests/TheseusTests-Info.plist";
				ONLY_ACTIVE_ARCH = YES;
				PRODUCT_NAME = "$(TARGET_NAME)";
				TEST_HOST = "$(BUNDLE_LOADER)";
				WRAPPER_EXTENSION = xctest;
			};
			name = Release;
		};
/* End XCBuildConfiguration section */

/* Begin XCConfigurationList section */
		A6748A96192127E90073CE19 /* Build configuration list for PBXProject "Theseus" */ = {
			isa = XCConfigurationList;
			buildConfigurations = (
				A6748ACB192127EA0073CE19 /* Debug */,
				A6748ACC192127EA0073CE19 /* Release */,
			);
			defaultConfigurationIsVisible = 0;
			defaultConfigurationName = Release;
		};
		A6748ACD192127EA0073CE19 /* Build configuration list for PBXNativeTarget "Theseus" */ = {
			isa = XCConfigurationList;
			buildConfigurations = (
				A6748ACE192127EA0073CE19 /* Debug */,
				A6748ACF192127EA0073CE19 /* Release */,
			);
			defaultConfigurationIsVisible = 0;
			defaultConfigurationName = Release;
		};
		A6748AD0192127EA0073CE19 /* Build configuration list for PBXNativeTarget "TheseusTests" */ = {
			isa = XCConfigurationList;
			buildConfigurations = (
				A6748AD1192127EA0073CE19 /* Debug */,
				A6748AD2192127EA0073CE19 /* Release */,
			);
			defaultConfigurationIsVisible = 0;
			defaultConfigurationName = Release;
		};
/* End XCConfigurationList section */

/* Begin XCVersionGroup section */
		A6F4D90F1922CF13006C7034 /* Theseus.xcdatamodeld */ = {
			isa = XCVersionGroup;
			children = (
				A6C307E21961E927003512E7 /* Theseus (2014-06-30).xcdatamodel */,
				A688D6051951BC0F00E0886D /* Theseus (2014-06-18).xcdatamodel */,
				A668A1F319324D6300C6363F /* Theseus (2014-05-25).xcdatamodel */,
				A6F4D9101922CF13006C7034 /* Theseus (initial).xcdatamodel */,
			);
			currentVersion = A6C307E21961E927003512E7 /* Theseus (2014-06-30).xcdatamodel */;
			path = Theseus.xcdatamodeld;
			sourceTree = "<group>";
			versionGroupType = wrapper.xcdatamodel;
		};
/* End XCVersionGroup section */
	};
	rootObject = A6748A93192127E90073CE19 /* Project object */;
}
